// !$*UTF8*$!
{
	archiveVersion = 1;
	classes = {
	};
	objectVersion = 46;
	objects = {

/* Begin PBXAggregateTarget section */
		02AA4201EA0A449E9C5227BB /* install */ = {
			isa = PBXAggregateTarget;
			buildConfigurationList = 61D2791226294D41AFA05D55 /* Build configuration list for PBXAggregateTarget "install" */;
			buildPhases = (
				93426DA6A4AC2C2AC9CE883C /* CMake PostBuild Rules */,
			);
			dependencies = (
				0AC6CFAED07947C790DDF308 /* PBXTargetDependency */,
			);
			name = install;
			productName = install;
		};
		29FFAC89298C49ECA5EBFCA2 /* ALL_BUILD */ = {
			isa = PBXAggregateTarget;
			buildConfigurationList = FED60E9894654047BEFB0804 /* Build configuration list for PBXAggregateTarget "ALL_BUILD" */;
			buildPhases = (
				D1D5D84D40719703F78E126C /* Generate CMakeFiles/ALL_BUILD */,
			);
			dependencies = (
				9F76958E3B1D42D5B3B25FA9 /* PBXTargetDependency */,
				4680421F4F854C4CB6EB83C0 /* PBXTargetDependency */,
				FD7FC44622B649EF8CEB8360 /* PBXTargetDependency */,
			);
			name = ALL_BUILD;
			productName = ALL_BUILD;
		};
		A14113FDDA3541208584DEFF /* ZERO_CHECK */ = {
			isa = PBXAggregateTarget;
			buildConfigurationList = DCF4E49963B04FC5A4BBFEC8 /* Build configuration list for PBXAggregateTarget "ZERO_CHECK" */;
			buildPhases = (
				750477CE357266846AF9ECB1 /* Generate CMakeFiles/ZERO_CHECK */,
			);
			dependencies = (
			);
			name = ZERO_CHECK;
			productName = ZERO_CHECK;
		};
/* End PBXAggregateTarget section */

/* Begin PBXBuildFile section */
		145D48F8548340F3A4D911A1 /* /Users/thahnen/GitHub/libSet/libSet/tests/test_set_create.c */ = {isa = PBXBuildFile; fileRef = 57AE30ED1D4744D8BC04A9D6 /* /Users/thahnen/GitHub/libSet/libSet/tests/test_set_create.c */; };
		23211CF12A63446A87729261 /* /Users/thahnen/GitHub/libSet/libSet/CMakeLists.txt */ = {isa = PBXBuildFile; fileRef = BB004A59442C4202BE7DDC21 /* /Users/thahnen/GitHub/libSet/libSet/CMakeLists.txt */; };
		6181539C220D4EFDB775B446 /* /Users/thahnen/GitHub/libSet/libSet/include/type.h */ = {isa = PBXBuildFile; fileRef = 72F3AD3638094818BE7D7B10 /* /Users/thahnen/GitHub/libSet/libSet/include/type.h */; };
		995D3F42899D45C490E27749 /* /Users/thahnen/GitHub/libSet/libSet/tests/Unittests.c */ = {isa = PBXBuildFile; fileRef = 9351ED12892E4145AD3EABB3 /* /Users/thahnen/GitHub/libSet/libSet/tests/Unittests.c */; };
		9C7327DAC2854DBD9CDEEAE5 /* /Users/thahnen/GitHub/libSet/libSet/include/ll.h */ = {isa = PBXBuildFile; fileRef = C2FB4BD49F5A49A4A30CBCCE /* /Users/thahnen/GitHub/libSet/libSet/include/ll.h */; };
		A5217089F29B47AEA53A313B /* /Users/thahnen/GitHub/libSet/libSet/src/set.c */ = {isa = PBXBuildFile; fileRef = C9DA6A4A5453456CAEDAF87F /* /Users/thahnen/GitHub/libSet/libSet/src/set.c */; };
		B473DC9FA94043E09D085BCC /* /Users/thahnen/GitHub/libSet/libSet/tests/Unittests.h */ = {isa = PBXBuildFile; fileRef = 6777F3BB428E4776B55514DE /* /Users/thahnen/GitHub/libSet/libSet/tests/Unittests.h */; };
		BC8DB3B373174643838E7CE9 /* /Users/thahnen/GitHub/libSet/libSet/tests/test_set_empty.c */ = {isa = PBXBuildFile; fileRef = AAF38C8C13C64F83998CC705 /* /Users/thahnen/GitHub/libSet/libSet/tests/test_set_empty.c */; };
		EE67AC866C5C4415AC916519 /* /Users/thahnen/GitHub/libSet/libSet/CMakeLists.txt */ = {isa = PBXBuildFile; fileRef = 5A5990B2E2A54436B12D8843 /* /Users/thahnen/GitHub/libSet/libSet/CMakeLists.txt */; };
		FABA7C375B144E9B8B2F36C6 /* /Users/thahnen/GitHub/libSet/libSet/include/set.h */ = {isa = PBXBuildFile; fileRef = D8C2878BF7A345DEAD8453D1 /* /Users/thahnen/GitHub/libSet/libSet/include/set.h */; };
/* End PBXBuildFile section */

/* Begin PBXBuildStyle section */
		07870DA1F79D41869F2956AA /* Debug */ = {
			isa = PBXBuildStyle;
			buildSettings = {
				COPY_PHASE_STRIP = NO;
			};
			name = Debug;
		};
		4FDD97DC9C4340C789E697EE /* RelWithDebInfo */ = {
			isa = PBXBuildStyle;
			buildSettings = {
				COPY_PHASE_STRIP = NO;
			};
			name = RelWithDebInfo;
		};
		D4733F998F49489DA663EF0F /* Release */ = {
			isa = PBXBuildStyle;
			buildSettings = {
				COPY_PHASE_STRIP = NO;
			};
			name = Release;
		};
		E85132D11A664535B17282DB /* MinSizeRel */ = {
			isa = PBXBuildStyle;
			buildSettings = {
				COPY_PHASE_STRIP = NO;
			};
			name = MinSizeRel;
		};
/* End PBXBuildStyle section */

/* Begin PBXContainerItemProxy section */
		1E27638ABA9D4F1FA677D0E3 /* PBXContainerItemProxy */ = {
			isa = PBXContainerItemProxy;
			containerPortal = 313FFB47C1F34A89A2175FFA /* Project object */;
			proxyType = 1;
			remoteGlobalIDString = E611903F9C08407E94454312;
			remoteInfo = libSet_Unittest;
		};
		4288089A0B9C4ABB88473C5E /* PBXContainerItemProxy */ = {
			isa = PBXContainerItemProxy;
			containerPortal = 313FFB47C1F34A89A2175FFA /* Project object */;
			proxyType = 1;
			remoteGlobalIDString = A14113FDDA3541208584DEFF;
			remoteInfo = ZERO_CHECK;
		};
		4DB83F03BE774D329BE9E091 /* PBXContainerItemProxy */ = {
			isa = PBXContainerItemProxy;
			containerPortal = 313FFB47C1F34A89A2175FFA /* Project object */;
			proxyType = 1;
			remoteGlobalIDString = 8CB862E92F1C4688A6ABA0A0;
			remoteInfo = Set;
		};
		5466503171B1483A98B07CF8 /* PBXContainerItemProxy */ = {
			isa = PBXContainerItemProxy;
			containerPortal = 313FFB47C1F34A89A2175FFA /* Project object */;
			proxyType = 1;
			remoteGlobalIDString = A14113FDDA3541208584DEFF;
			remoteInfo = ZERO_CHECK;
		};
		897880FDA3C644DBAFA2B053 /* PBXContainerItemProxy */ = {
			isa = PBXContainerItemProxy;
			containerPortal = 313FFB47C1F34A89A2175FFA /* Project object */;
			proxyType = 1;
			remoteGlobalIDString = 8CB862E92F1C4688A6ABA0A0;
			remoteInfo = Set;
		};
		A2F60EB7196B4E27812FCAE7 /* PBXContainerItemProxy */ = {
			isa = PBXContainerItemProxy;
			containerPortal = 313FFB47C1F34A89A2175FFA /* Project object */;
			proxyType = 1;
			remoteGlobalIDString = 29FFAC89298C49ECA5EBFCA2;
			remoteInfo = ALL_BUILD;
		};
		BAE01994F9CB4BB1B793ED60 /* PBXContainerItemProxy */ = {
			isa = PBXContainerItemProxy;
			containerPortal = 313FFB47C1F34A89A2175FFA /* Project object */;
			proxyType = 1;
			remoteGlobalIDString = A14113FDDA3541208584DEFF;
			remoteInfo = ZERO_CHECK;
		};
/* End PBXContainerItemProxy section */

/* Begin PBXFileReference section */
		57AE30ED1D4744D8BC04A9D6 /* /Users/thahnen/GitHub/libSet/libSet/tests/test_set_create.c */ = {isa = PBXFileReference; explicitFileType = sourcecode.c.c; fileEncoding = 4; name = test_set_create.c; path = tests/test_set_create.c; sourceTree = SOURCE_ROOT; };
		5A5990B2E2A54436B12D8843 /* /Users/thahnen/GitHub/libSet/libSet/CMakeLists.txt */ = {isa = PBXFileReference; explicitFileType = sourcecode.text; fileEncoding = 4; name = CMakeLists.txt; path = CMakeLists.txt; sourceTree = SOURCE_ROOT; };
		6777F3BB428E4776B55514DE /* /Users/thahnen/GitHub/libSet/libSet/tests/Unittests.h */ = {isa = PBXFileReference; explicitFileType = sourcecode.c.h; fileEncoding = 4; name = Unittests.h; path = tests/Unittests.h; sourceTree = SOURCE_ROOT; };
		72F3AD3638094818BE7D7B10 /* /Users/thahnen/GitHub/libSet/libSet/include/type.h */ = {isa = PBXFileReference; explicitFileType = sourcecode.c.h; fileEncoding = 4; name = type.h; path = include/type.h; sourceTree = SOURCE_ROOT; };
		89F9B72D810147D490690A6F /* libSet_Unittest */ = {isa = PBXFileReference; explicitFileType = "compiled.mach-o.executable"; path = libSet_Unittest; sourceTree = BUILT_PRODUCTS_DIR; };
		9351ED12892E4145AD3EABB3 /* /Users/thahnen/GitHub/libSet/libSet/tests/Unittests.c */ = {isa = PBXFileReference; explicitFileType = sourcecode.c.c; fileEncoding = 4; name = Unittests.c; path = tests/Unittests.c; sourceTree = SOURCE_ROOT; };
		AAF38C8C13C64F83998CC705 /* /Users/thahnen/GitHub/libSet/libSet/tests/test_set_empty.c */ = {isa = PBXFileReference; explicitFileType = sourcecode.c.c; fileEncoding = 4; name = test_set_empty.c; path = tests/test_set_empty.c; sourceTree = SOURCE_ROOT; };
		BB004A59442C4202BE7DDC21 /* /Users/thahnen/GitHub/libSet/libSet/CMakeLists.txt */ = {isa = PBXFileReference; explicitFileType = sourcecode.text; fileEncoding = 4; name = CMakeLists.txt; path = CMakeLists.txt; sourceTree = SOURCE_ROOT; };
		C2FB4BD49F5A49A4A30CBCCE /* /Users/thahnen/GitHub/libSet/libSet/include/ll.h */ = {isa = PBXFileReference; explicitFileType = sourcecode.c.h; fileEncoding = 4; name = ll.h; path = include/ll.h; sourceTree = SOURCE_ROOT; };
		C9DA6A4A5453456CAEDAF87F /* /Users/thahnen/GitHub/libSet/libSet/src/set.c */ = {isa = PBXFileReference; explicitFileType = sourcecode.c.c; fileEncoding = 4; name = set.c; path = src/set.c; sourceTree = SOURCE_ROOT; };
		D8C2878BF7A345DEAD8453D1 /* /Users/thahnen/GitHub/libSet/libSet/include/set.h */ = {isa = PBXFileReference; explicitFileType = sourcecode.c.h; fileEncoding = 4; name = set.h; path = include/set.h; sourceTree = SOURCE_ROOT; };
		E2FF4CEEE62542A1888B7AC1 /* /Users/thahnen/GitHub/libSet/libSet/CMakeLists.txt */ = {isa = PBXFileReference; explicitFileType = sourcecode.text; fileEncoding = 4; name = CMakeLists.txt; path = CMakeLists.txt; sourceTree = SOURCE_ROOT; };
		F231AB8AA82C43EEB295F7BB /* Set */ = {isa = PBXFileReference; explicitFileType = "compiled.mach-o.dylib"; path = libSet.dylib; sourceTree = BUILT_PRODUCTS_DIR; };
/* End PBXFileReference section */

/* Begin PBXFrameworksBuildPhase section */
		0985E4C35E154462871AEC72 /* Frameworks */ = {
			isa = PBXFrameworksBuildPhase;
			buildActionMask = 2147483647;
			files = (
			);
			runOnlyForDeploymentPostprocessing = 0;
		};
		5E04B839A7054E91A69A137F /* Frameworks */ = {
			isa = PBXFrameworksBuildPhase;
			buildActionMask = 2147483647;
			files = (
			);
			runOnlyForDeploymentPostprocessing = 0;
		};
/* End PBXFrameworksBuildPhase section */

/* Begin PBXGroup section */
		14E738D19AB04917AAFB638E /* libSet_Unittest */ = {
			isa = PBXGroup;
			children = (
				98962E4243D849B1929C106E /* Header Files */,
				C787B3E8C3EF4F64BD8AA9B0 /* Source Files */,
				5A5990B2E2A54436B12D8843 /* /Users/thahnen/GitHub/libSet/libSet/CMakeLists.txt */,
			);
			name = libSet_Unittest;
			sourceTree = "<group>";
		};
		26E9017112E34FB0AD39E07D /* Header Files */ = {
			isa = PBXGroup;
			children = (
				C2FB4BD49F5A49A4A30CBCCE /* /Users/thahnen/GitHub/libSet/libSet/include/ll.h */,
				D8C2878BF7A345DEAD8453D1 /* /Users/thahnen/GitHub/libSet/libSet/include/set.h */,
				72F3AD3638094818BE7D7B10 /* /Users/thahnen/GitHub/libSet/libSet/include/type.h */,
			);
			name = "Header Files";
			sourceTree = "<group>";
		};
		32808A8252414B24850015D5 = {
			isa = PBXGroup;
			children = (
				14E738D19AB04917AAFB638E /* libSet_Unittest */,
				E35BF858B66746E392817E98 /* Set */,
				479947E576844FCFB898EBD3 /* ALL_BUILD */,
				857690DB17924B029E791E9E /* Products */,
				9CB3CF491EE74E39BB17439D /* Frameworks */,
			);
			sourceTree = "<group>";
		};
		479947E576844FCFB898EBD3 /* ALL_BUILD */ = {
			isa = PBXGroup;
			children = (
				92443D41B4284F2D8EEFDF9B /* CMake Rules */,
				E2FF4CEEE62542A1888B7AC1 /* /Users/thahnen/GitHub/libSet/libSet/CMakeLists.txt */,
			);
			name = ALL_BUILD;
			sourceTree = "<group>";
		};
		75B1583567C84ED79C22EA20 /* Source Files */ = {
			isa = PBXGroup;
			children = (
				C9DA6A4A5453456CAEDAF87F /* /Users/thahnen/GitHub/libSet/libSet/src/set.c */,
			);
			name = "Source Files";
			sourceTree = "<group>";
		};
		857690DB17924B029E791E9E /* Products */ = {
			isa = PBXGroup;
			children = (
				F231AB8AA82C43EEB295F7BB /* Set */,
				89F9B72D810147D490690A6F /* libSet_Unittest */,
			);
			name = Products;
			sourceTree = "<group>";
		};
		92443D41B4284F2D8EEFDF9B /* CMake Rules */ = {
			isa = PBXGroup;
			children = (
			);
			name = "CMake Rules";
			sourceTree = "<group>";
		};
		98962E4243D849B1929C106E /* Header Files */ = {
			isa = PBXGroup;
			children = (
				6777F3BB428E4776B55514DE /* /Users/thahnen/GitHub/libSet/libSet/tests/Unittests.h */,
			);
			name = "Header Files";
			sourceTree = "<group>";
		};
		9CB3CF491EE74E39BB17439D /* Frameworks */ = {
			isa = PBXGroup;
			children = (
			);
			name = Frameworks;
			sourceTree = "<group>";
		};
		C787B3E8C3EF4F64BD8AA9B0 /* Source Files */ = {
			isa = PBXGroup;
			children = (
				9351ED12892E4145AD3EABB3 /* /Users/thahnen/GitHub/libSet/libSet/tests/Unittests.c */,
				57AE30ED1D4744D8BC04A9D6 /* /Users/thahnen/GitHub/libSet/libSet/tests/test_set_create.c */,
				AAF38C8C13C64F83998CC705 /* /Users/thahnen/GitHub/libSet/libSet/tests/test_set_empty.c */,
			);
			name = "Source Files";
			sourceTree = "<group>";
		};
		E35BF858B66746E392817E98 /* Set */ = {
			isa = PBXGroup;
			children = (
				26E9017112E34FB0AD39E07D /* Header Files */,
				75B1583567C84ED79C22EA20 /* Source Files */,
				BB004A59442C4202BE7DDC21 /* /Users/thahnen/GitHub/libSet/libSet/CMakeLists.txt */,
			);
			name = Set;
			sourceTree = "<group>";
		};
/* End PBXGroup section */

/* Begin PBXNativeTarget section */
		8CB862E92F1C4688A6ABA0A0 /* Set */ = {
			isa = PBXNativeTarget;
			buildConfigurationList = EA2FEA6B8547475AA50AE513 /* Build configuration list for PBXNativeTarget "Set" */;
			buildPhases = (
				71691293A0D54B51B6838058 /* Sources */,
				5E04B839A7054E91A69A137F /* Frameworks */,
				FBC62681803DB6B941376BE6 /* CMake PostBuild Rules */,
			);
			buildRules = (
			);
			dependencies = (
				D822DF52566A4B9496A5648E /* PBXTargetDependency */,
			);
			name = Set;
			productName = Set;
			productReference = F231AB8AA82C43EEB295F7BB /* Set */;
			productType = "com.apple.product-type.library.dynamic";
		};
		E611903F9C08407E94454312 /* libSet_Unittest */ = {
			isa = PBXNativeTarget;
			buildConfigurationList = 932B85F399644969B1E4AE99 /* Build configuration list for PBXNativeTarget "libSet_Unittest" */;
			buildPhases = (
				03CF40F3BA8F487ABB721D45 /* Sources */,
				0985E4C35E154462871AEC72 /* Frameworks */,
			);
			buildRules = (
			);
			dependencies = (
				94CD7CE943A84276B0F83187 /* PBXTargetDependency */,
				1D008A3343D44BED856A81C0 /* PBXTargetDependency */,
			);
			name = libSet_Unittest;
			productName = libSet_Unittest;
			productReference = 89F9B72D810147D490690A6F /* libSet_Unittest */;
			productType = "com.apple.product-type.tool";
		};
/* End PBXNativeTarget section */

/* Begin PBXProject section */
		313FFB47C1F34A89A2175FFA /* Project object */ = {
			isa = PBXProject;
			attributes = {
				BuildIndependentTargetsInParallel = YES;
				LastUpgradeCheck = 1240;
			};
			buildConfigurationList = 5FDF698F01734894AB9218A4 /* Build configuration list for PBXProject "Set" */;
			buildSettings = {
			};
			buildStyles = (
				07870DA1F79D41869F2956AA /* Debug */,
				D4733F998F49489DA663EF0F /* Release */,
				E85132D11A664535B17282DB /* MinSizeRel */,
				4FDD97DC9C4340C789E697EE /* RelWithDebInfo */,
			);
			compatibilityVersion = "Xcode 3.2";
			hasScannedForEncodings = 0;
			mainGroup = 32808A8252414B24850015D5;
			projectDirPath = .;
			projectRoot = "";
			targets = (
				29FFAC89298C49ECA5EBFCA2 /* ALL_BUILD */,
				8CB862E92F1C4688A6ABA0A0 /* Set */,
				A14113FDDA3541208584DEFF /* ZERO_CHECK */,
				02AA4201EA0A449E9C5227BB /* install */,
				E611903F9C08407E94454312 /* libSet_Unittest */,
			);
		};
/* End PBXProject section */

/* Begin PBXShellScriptBuildPhase section */
		3C0110FC8322DE7E50886E21 = {
			isa = PBXShellScriptBuildPhase;
			buildActionMask = 2147483647;
			files = (
			);
			inputPaths = (
			);
			outputPaths = (
			);
			runOnlyForDeploymentPostprocessing = 0;
			shellPath = /bin/sh;
			shellScript = "# shell script goes here
exit 0";
			showEnvVarsInLog = 0;
		};
		750477CE357266846AF9ECB1 /* Generate CMakeFiles/ZERO_CHECK */ = {
			isa = PBXShellScriptBuildPhase;
			alwaysOutOfDate = 1;
			buildActionMask = 2147483647;
			files = (
			);
			inputPaths = (
			);
			name = "Generate CMakeFiles/ZERO_CHECK";
			outputPaths = (
/Users/thahnen/GitHub/libSet/libSet/CMakeFiles/ZERO_CHECK			);
			runOnlyForDeploymentPostprocessing = 0;
			shellPath = /bin/sh;
			shellScript = "set -e
if test \"$CONFIGURATION\" = \"Debug\"; then :
  cd /Users/thahnen/GitHub/libSet/libSet
  make -f /Users/thahnen/GitHub/libSet/libSet/CMakeScripts/ReRunCMake.make
fi
if test \"$CONFIGURATION\" = \"Release\"; then :
  cd /Users/thahnen/GitHub/libSet/libSet
  make -f /Users/thahnen/GitHub/libSet/libSet/CMakeScripts/ReRunCMake.make
fi
if test \"$CONFIGURATION\" = \"MinSizeRel\"; then :
  cd /Users/thahnen/GitHub/libSet/libSet
  make -f /Users/thahnen/GitHub/libSet/libSet/CMakeScripts/ReRunCMake.make
fi
if test \"$CONFIGURATION\" = \"RelWithDebInfo\"; then :
  cd /Users/thahnen/GitHub/libSet/libSet
  make -f /Users/thahnen/GitHub/libSet/libSet/CMakeScripts/ReRunCMake.make
fi
";
			showEnvVarsInLog = 0;
		};
		87AF4882E018677E2624B544 = {
			isa = PBXShellScriptBuildPhase;
			buildActionMask = 2147483647;
			files = (
			);
			inputPaths = (
			);
			outputPaths = (
			);
			runOnlyForDeploymentPostprocessing = 0;
			shellPath = /bin/sh;
			shellScript = "# shell script goes here
exit 0";
			showEnvVarsInLog = 0;
		};
		93426DA6A4AC2C2AC9CE883C /* CMake PostBuild Rules */ = {
			isa = PBXShellScriptBuildPhase;
			alwaysOutOfDate = 1;
			buildActionMask = 2147483647;
			files = (
			);
			name = "CMake PostBuild Rules";
			outputPaths = (
			);
			runOnlyForDeploymentPostprocessing = 0;
			shellPath = /bin/sh;
			shellScript = "set -e
if test \"$CONFIGURATION\" = \"Debug\"; then :
  cd /Users/thahnen/GitHub/libSet/libSet
  /usr/local/Cellar/cmake/3.20.2/bin/cmake -DBUILD_TYPE=$CONFIGURATION$EFFECTIVE_PLATFORM_NAME -P cmake_install.cmake
fi
if test \"$CONFIGURATION\" = \"Release\"; then :
  cd /Users/thahnen/GitHub/libSet/libSet
  /usr/local/Cellar/cmake/3.20.2/bin/cmake -DBUILD_TYPE=$CONFIGURATION$EFFECTIVE_PLATFORM_NAME -P cmake_install.cmake
fi
if test \"$CONFIGURATION\" = \"MinSizeRel\"; then :
  cd /Users/thahnen/GitHub/libSet/libSet
  /usr/local/Cellar/cmake/3.20.2/bin/cmake -DBUILD_TYPE=$CONFIGURATION$EFFECTIVE_PLATFORM_NAME -P cmake_install.cmake
fi
if test \"$CONFIGURATION\" = \"RelWithDebInfo\"; then :
  cd /Users/thahnen/GitHub/libSet/libSet
  /usr/local/Cellar/cmake/3.20.2/bin/cmake -DBUILD_TYPE=$CONFIGURATION$EFFECTIVE_PLATFORM_NAME -P cmake_install.cmake
fi
";
			showEnvVarsInLog = 0;
		};
		9B50530E35CC49C82C2FACCF = {
			isa = PBXShellScriptBuildPhase;
			buildActionMask = 2147483647;
			files = (
			);
			inputPaths = (
			);
			outputPaths = (
			);
			runOnlyForDeploymentPostprocessing = 0;
			shellPath = /bin/sh;
			shellScript = "# shell script goes here
exit 0";
			showEnvVarsInLog = 0;
		};
		D1D5D84D40719703F78E126C /* Generate CMakeFiles/ALL_BUILD */ = {
			isa = PBXShellScriptBuildPhase;
			alwaysOutOfDate = 1;
			buildActionMask = 2147483647;
			files = (
			);
			inputPaths = (
			);
			name = "Generate CMakeFiles/ALL_BUILD";
			outputPaths = (
/Users/thahnen/GitHub/libSet/libSet/CMakeFiles/ALL_BUILD			);
			runOnlyForDeploymentPostprocessing = 0;
			shellPath = /bin/sh;
			shellScript = "set -e
if test \"$CONFIGURATION\" = \"Debug\"; then :
  cd /Users/thahnen/GitHub/libSet/libSet
  echo Build\\ all\\ projects
fi
if test \"$CONFIGURATION\" = \"Release\"; then :
  cd /Users/thahnen/GitHub/libSet/libSet
  echo Build\\ all\\ projects
fi
if test \"$CONFIGURATION\" = \"MinSizeRel\"; then :
  cd /Users/thahnen/GitHub/libSet/libSet
  echo Build\\ all\\ projects
fi
if test \"$CONFIGURATION\" = \"RelWithDebInfo\"; then :
  cd /Users/thahnen/GitHub/libSet/libSet
  echo Build\\ all\\ projects
fi
";
			showEnvVarsInLog = 0;
		};
		FBC62681803DB6B941376BE6 /* CMake PostBuild Rules */ = {
			isa = PBXShellScriptBuildPhase;
			alwaysOutOfDate = 1;
			buildActionMask = 2147483647;
			files = (
			);
			name = "CMake PostBuild Rules";
			outputPaths = (
			);
			runOnlyForDeploymentPostprocessing = 0;
			shellPath = /bin/sh;
			shellScript = "set -e
if test \"$CONFIGURATION\" = \"Debug\"; then :
  cd /Users/thahnen/GitHub/libSet/libSet
  /usr/local/Cellar/cmake/3.20.2/bin/cmake -E cmake_symlink_library /Users/thahnen/GitHub/libSet/libSet/Debug/libSet.1.6.1.dylib /Users/thahnen/GitHub/libSet/libSet/Debug/libSet.1.6.1.dylib /Users/thahnen/GitHub/libSet/libSet/Debug/libSet.dylib
fi
if test \"$CONFIGURATION\" = \"Release\"; then :
  cd /Users/thahnen/GitHub/libSet/libSet
  /usr/local/Cellar/cmake/3.20.2/bin/cmake -E cmake_symlink_library /Users/thahnen/GitHub/libSet/libSet/Release/libSet.1.6.1.dylib /Users/thahnen/GitHub/libSet/libSet/Release/libSet.1.6.1.dylib /Users/thahnen/GitHub/libSet/libSet/Release/libSet.dylib
fi
if test \"$CONFIGURATION\" = \"MinSizeRel\"; then :
  cd /Users/thahnen/GitHub/libSet/libSet
  /usr/local/Cellar/cmake/3.20.2/bin/cmake -E cmake_symlink_library /Users/thahnen/GitHub/libSet/libSet/MinSizeRel/libSet.1.6.1.dylib /Users/thahnen/GitHub/libSet/libSet/MinSizeRel/libSet.1.6.1.dylib /Users/thahnen/GitHub/libSet/libSet/MinSizeRel/libSet.dylib
fi
if test \"$CONFIGURATION\" = \"RelWithDebInfo\"; then :
  cd /Users/thahnen/GitHub/libSet/libSet
  /usr/local/Cellar/cmake/3.20.2/bin/cmake -E cmake_symlink_library /Users/thahnen/GitHub/libSet/libSet/RelWithDebInfo/libSet.1.6.1.dylib /Users/thahnen/GitHub/libSet/libSet/RelWithDebInfo/libSet.1.6.1.dylib /Users/thahnen/GitHub/libSet/libSet/RelWithDebInfo/libSet.dylib
fi
";
			showEnvVarsInLog = 0;
		};
/* End PBXShellScriptBuildPhase section */

/* Begin PBXSourcesBuildPhase section */
		03CF40F3BA8F487ABB721D45 /* Sources */ = {
			isa = PBXSourcesBuildPhase;
			buildActionMask = 2147483647;
			files = (
				995D3F42899D45C490E27749 /* /Users/thahnen/GitHub/libSet/libSet/tests/Unittests.c */,
				145D48F8548340F3A4D911A1 /* /Users/thahnen/GitHub/libSet/libSet/tests/test_set_create.c */,
				BC8DB3B373174643838E7CE9 /* /Users/thahnen/GitHub/libSet/libSet/tests/test_set_empty.c */,
			);
			runOnlyForDeploymentPostprocessing = 0;
		};
		71691293A0D54B51B6838058 /* Sources */ = {
			isa = PBXSourcesBuildPhase;
			buildActionMask = 2147483647;
			files = (
				A5217089F29B47AEA53A313B /* /Users/thahnen/GitHub/libSet/libSet/src/set.c */,
			);
			runOnlyForDeploymentPostprocessing = 0;
		};
/* End PBXSourcesBuildPhase section */

/* Begin PBXTargetDependency section */
		0AC6CFAED07947C790DDF308 /* PBXTargetDependency */ = {
			isa = PBXTargetDependency;
			target = 29FFAC89298C49ECA5EBFCA2 /* ALL_BUILD */;
			targetProxy = A2F60EB7196B4E27812FCAE7 /* PBXContainerItemProxy */;
		};
		1D008A3343D44BED856A81C0 /* PBXTargetDependency */ = {
			isa = PBXTargetDependency;
			target = 8CB862E92F1C4688A6ABA0A0 /* Set */;
			targetProxy = 897880FDA3C644DBAFA2B053 /* PBXContainerItemProxy */;
		};
		4680421F4F854C4CB6EB83C0 /* PBXTargetDependency */ = {
			isa = PBXTargetDependency;
			target = E611903F9C08407E94454312 /* libSet_Unittest */;
			targetProxy = 1E27638ABA9D4F1FA677D0E3 /* PBXContainerItemProxy */;
		};
		94CD7CE943A84276B0F83187 /* PBXTargetDependency */ = {
			isa = PBXTargetDependency;
			target = A14113FDDA3541208584DEFF /* ZERO_CHECK */;
			targetProxy = BAE01994F9CB4BB1B793ED60 /* PBXContainerItemProxy */;
		};
		9F76958E3B1D42D5B3B25FA9 /* PBXTargetDependency */ = {
			isa = PBXTargetDependency;
			target = A14113FDDA3541208584DEFF /* ZERO_CHECK */;
			targetProxy = 4288089A0B9C4ABB88473C5E /* PBXContainerItemProxy */;
		};
		D822DF52566A4B9496A5648E /* PBXTargetDependency */ = {
			isa = PBXTargetDependency;
			target = A14113FDDA3541208584DEFF /* ZERO_CHECK */;
			targetProxy = 5466503171B1483A98B07CF8 /* PBXContainerItemProxy */;
		};
		FD7FC44622B649EF8CEB8360 /* PBXTargetDependency */ = {
			isa = PBXTargetDependency;
			target = 8CB862E92F1C4688A6ABA0A0 /* Set */;
			targetProxy = 4DB83F03BE774D329BE9E091 /* PBXContainerItemProxy */;
		};
/* End PBXTargetDependency section */

/* Begin XCBuildConfiguration section */
		08E7E28942F64614B86D8013 /* RelWithDebInfo */ = {
			isa = XCBuildConfiguration;
			buildSettings = {
				COMBINE_HIDPI_IMAGES = YES;
				GCC_GENERATE_DEBUGGING_SYMBOLS = YES;
				GCC_INLINES_ARE_PRIVATE_EXTERN = NO;
				GCC_OPTIMIZATION_LEVEL = 0;
				GCC_PREPROCESSOR_DEFINITIONS = ("'CMAKE_INTDIR=\"$(CONFIGURATION)$(EFFECTIVE_PLATFORM_NAME)\"'");
				GCC_SYMBOLS_PRIVATE_EXTERN = NO;
				INSTALL_PATH = "";
				OTHER_LDFLAGS = ("");
				OTHER_REZFLAGS = "";
				PRODUCT_NAME = ALL_BUILD;
				SECTORDER_FLAGS = "";
				SYMROOT = /Users/thahnen/GitHub/libSet/libSet;
				USE_HEADERMAP = NO;
				WARNING_CFLAGS = ("$(inherited)");
			};
			name = RelWithDebInfo;
		};
		15822A7BC80C47688F48B0F8 /* Debug */ = {
			isa = XCBuildConfiguration;
			buildSettings = {
				COMBINE_HIDPI_IMAGES = YES;
				EXECUTABLE_PREFIX = "";
				EXECUTABLE_SUFFIX = "";
				GCC_GENERATE_DEBUGGING_SYMBOLS = NO;
				GCC_INLINES_ARE_PRIVATE_EXTERN = NO;
				GCC_OPTIMIZATION_LEVEL = 0;
				GCC_PREPROCESSOR_DEFINITIONS = ("'CMAKE_INTDIR=\"$(CONFIGURATION)$(EFFECTIVE_PLATFORM_NAME)\"'");
				GCC_SYMBOLS_PRIVATE_EXTERN = NO;
				HEADER_SEARCH_PATHS = (/Users/thahnen/GitHub/libSet/libSet/./include,/usr/local/Cellar/check/0.15.2/include,"$(inherited)");
				INSTALL_PATH = "";
				LD_RUNPATH_SEARCH_PATHS = (/Users/thahnen/GitHub/libSet/libSet/Debug,"$(inherited)");
				OTHER_CFLAGS = "'-std=gnu11' ";
				OTHER_LDFLAGS = (" -Wl,-search_paths_first -Wl,-headerpad_max_install_names",/Users/thahnen/GitHub/libSet/libSet/Debug/libSet.1.6.1.dylib,/usr/local/Cellar/check/0.15.2/lib/libcheck.dylib);
				OTHER_REZFLAGS = "";
				PRODUCT_NAME = libSet_Unittest;
				SECTORDER_FLAGS = "";
				SYMROOT = /Users/thahnen/GitHub/libSet/libSet;
				USE_HEADERMAP = NO;
				WARNING_CFLAGS = ("$(inherited)");
			};
			name = Debug;
		};
		22394893B5154776B83A5862 /* Release */ = {
			isa = XCBuildConfiguration;
			buildSettings = {
				COMBINE_HIDPI_IMAGES = YES;
				GCC_GENERATE_DEBUGGING_SYMBOLS = YES;
				GCC_INLINES_ARE_PRIVATE_EXTERN = NO;
				GCC_OPTIMIZATION_LEVEL = 0;
				GCC_PREPROCESSOR_DEFINITIONS = ("'CMAKE_INTDIR=\"$(CONFIGURATION)$(EFFECTIVE_PLATFORM_NAME)\"'");
				GCC_SYMBOLS_PRIVATE_EXTERN = NO;
				INSTALL_PATH = "";
				OTHER_LDFLAGS = ("");
				OTHER_REZFLAGS = "";
				PRODUCT_NAME = ALL_BUILD;
				SECTORDER_FLAGS = "";
				SYMROOT = /Users/thahnen/GitHub/libSet/libSet;
				USE_HEADERMAP = NO;
				WARNING_CFLAGS = ("$(inherited)");
			};
			name = Release;
		};
		3C002071579B4906AFD29C12 /* Release */ = {
			isa = XCBuildConfiguration;
			buildSettings = {
				COMBINE_HIDPI_IMAGES = YES;
				EXECUTABLE_PREFIX = "";
				EXECUTABLE_SUFFIX = "";
				GCC_GENERATE_DEBUGGING_SYMBOLS = NO;
				GCC_INLINES_ARE_PRIVATE_EXTERN = NO;
				GCC_OPTIMIZATION_LEVEL = 0;
				GCC_PREPROCESSOR_DEFINITIONS = ("'CMAKE_INTDIR=\"$(CONFIGURATION)$(EFFECTIVE_PLATFORM_NAME)\"'");
				GCC_SYMBOLS_PRIVATE_EXTERN = NO;
				HEADER_SEARCH_PATHS = (/Users/thahnen/GitHub/libSet/libSet/./include,/usr/local/Cellar/check/0.15.2/include,"$(inherited)");
				INSTALL_PATH = "";
				LD_RUNPATH_SEARCH_PATHS = (/Users/thahnen/GitHub/libSet/libSet/Release,"$(inherited)");
				OTHER_CFLAGS = "'-std=gnu11' ";
				OTHER_LDFLAGS = (" -Wl,-search_paths_first -Wl,-headerpad_max_install_names",/Users/thahnen/GitHub/libSet/libSet/Release/libSet.1.6.1.dylib,/usr/local/Cellar/check/0.15.2/lib/libcheck.dylib);
				OTHER_REZFLAGS = "";
				PRODUCT_NAME = libSet_Unittest;
				SECTORDER_FLAGS = "";
				SYMROOT = /Users/thahnen/GitHub/libSet/libSet;
				USE_HEADERMAP = NO;
				WARNING_CFLAGS = ("$(inherited)");
			};
			name = Release;
		};
		4C2DE71F73834153B04D3EF6 /* Release */ = {
			isa = XCBuildConfiguration;
			buildSettings = {
				COMBINE_HIDPI_IMAGES = YES;
				DYLIB_COMPATIBILITY_VERSION = "";
				DYLIB_CURRENT_VERSION = 1.6.1;
				EXECUTABLE_PREFIX = lib;
				EXECUTABLE_SUFFIX = .dylib;
				GCC_GENERATE_DEBUGGING_SYMBOLS = NO;
				GCC_INLINES_ARE_PRIVATE_EXTERN = NO;
				GCC_OPTIMIZATION_LEVEL = 0;
				GCC_PREPROCESSOR_DEFINITIONS = ("'CMAKE_INTDIR=\"$(CONFIGURATION)$(EFFECTIVE_PLATFORM_NAME)\"'",Set_EXPORTS);
				GCC_SYMBOLS_PRIVATE_EXTERN = NO;
				HEADER_SEARCH_PATHS = (/Users/thahnen/GitHub/libSet/libSet/./include,"$(inherited)");
				INSTALL_PATH = "@rpath";
				LIBRARY_STYLE = DYNAMIC;
				OTHER_CFLAGS = "-fPIC -fvisibility=hidden '-std=gnu11' ";
				OTHER_LDFLAGS = (" -dynamiclib -Wl,-headerpad_max_install_names");
				OTHER_REZFLAGS = "";
				PRODUCT_NAME = Set.1.6.1;
				SECTORDER_FLAGS = "";
				SYMROOT = /Users/thahnen/GitHub/libSet/libSet;
				USE_HEADERMAP = NO;
				WARNING_CFLAGS = ("$(inherited)");
			};
			name = Release;
		};
		4ED1BF135E7B4D7395FF2407 /* RelWithDebInfo */ = {
			isa = XCBuildConfiguration;
			buildSettings = {
				COMBINE_HIDPI_IMAGES = YES;
				DYLIB_COMPATIBILITY_VERSION = "";
				DYLIB_CURRENT_VERSION = 1.6.1;
				EXECUTABLE_PREFIX = lib;
				EXECUTABLE_SUFFIX = .dylib;
				GCC_GENERATE_DEBUGGING_SYMBOLS = NO;
				GCC_INLINES_ARE_PRIVATE_EXTERN = NO;
				GCC_OPTIMIZATION_LEVEL = 0;
				GCC_PREPROCESSOR_DEFINITIONS = ("'CMAKE_INTDIR=\"$(CONFIGURATION)$(EFFECTIVE_PLATFORM_NAME)\"'",Set_EXPORTS);
				GCC_SYMBOLS_PRIVATE_EXTERN = NO;
				HEADER_SEARCH_PATHS = (/Users/thahnen/GitHub/libSet/libSet/./include,"$(inherited)");
				INSTALL_PATH = "@rpath";
				LIBRARY_STYLE = DYNAMIC;
				OTHER_CFLAGS = "-fPIC -fvisibility=hidden '-std=gnu11' ";
				OTHER_LDFLAGS = (" -dynamiclib -Wl,-headerpad_max_install_names");
				OTHER_REZFLAGS = "";
				PRODUCT_NAME = Set.1.6.1;
				SECTORDER_FLAGS = "";
				SYMROOT = /Users/thahnen/GitHub/libSet/libSet;
				USE_HEADERMAP = NO;
				WARNING_CFLAGS = ("$(inherited)");
			};
			name = RelWithDebInfo;
		};
		705B025C4C3A42BC99AEA342 /* Release */ = {
			isa = XCBuildConfiguration;
			buildSettings = {
				COMBINE_HIDPI_IMAGES = YES;
				GCC_GENERATE_DEBUGGING_SYMBOLS = YES;
				GCC_INLINES_ARE_PRIVATE_EXTERN = NO;
				GCC_OPTIMIZATION_LEVEL = 0;
				GCC_PREPROCESSOR_DEFINITIONS = ("'CMAKE_INTDIR=\"$(CONFIGURATION)$(EFFECTIVE_PLATFORM_NAME)\"'");
				GCC_SYMBOLS_PRIVATE_EXTERN = NO;
				INSTALL_PATH = "";
				OTHER_LDFLAGS = ("");
				OTHER_REZFLAGS = "";
				PRODUCT_NAME = install;
				SECTORDER_FLAGS = "";
				SYMROOT = /Users/thahnen/GitHub/libSet/libSet;
				USE_HEADERMAP = NO;
				WARNING_CFLAGS = ("$(inherited)");
			};
			name = Release;
		};
		7B6E114E27D340EBBBEB106B /* MinSizeRel */ = {
			isa = XCBuildConfiguration;
			buildSettings = {
				COMBINE_HIDPI_IMAGES = YES;
				GCC_GENERATE_DEBUGGING_SYMBOLS = YES;
				GCC_INLINES_ARE_PRIVATE_EXTERN = NO;
				GCC_OPTIMIZATION_LEVEL = 0;
				GCC_PREPROCESSOR_DEFINITIONS = ("'CMAKE_INTDIR=\"$(CONFIGURATION)$(EFFECTIVE_PLATFORM_NAME)\"'");
				GCC_SYMBOLS_PRIVATE_EXTERN = NO;
				INSTALL_PATH = "";
				OTHER_LDFLAGS = ("");
				OTHER_REZFLAGS = "";
				PRODUCT_NAME = install;
				SECTORDER_FLAGS = "";
				SYMROOT = /Users/thahnen/GitHub/libSet/libSet;
				USE_HEADERMAP = NO;
				WARNING_CFLAGS = ("$(inherited)");
			};
			name = MinSizeRel;
		};
		A88C9DB94EE14311AC23B779 /* Debug */ = {
			isa = XCBuildConfiguration;
			buildSettings = {
				COMBINE_HIDPI_IMAGES = YES;
				DYLIB_COMPATIBILITY_VERSION = "";
				DYLIB_CURRENT_VERSION = 1.6.1;
				EXECUTABLE_PREFIX = lib;
				EXECUTABLE_SUFFIX = .dylib;
				GCC_GENERATE_DEBUGGING_SYMBOLS = NO;
				GCC_INLINES_ARE_PRIVATE_EXTERN = NO;
				GCC_OPTIMIZATION_LEVEL = 0;
				GCC_PREPROCESSOR_DEFINITIONS = ("'CMAKE_INTDIR=\"$(CONFIGURATION)$(EFFECTIVE_PLATFORM_NAME)\"'",Set_EXPORTS);
				GCC_SYMBOLS_PRIVATE_EXTERN = NO;
				HEADER_SEARCH_PATHS = (/Users/thahnen/GitHub/libSet/libSet/./include,"$(inherited)");
				INSTALL_PATH = "@rpath";
				LIBRARY_STYLE = DYNAMIC;
				OTHER_CFLAGS = "-fPIC -fvisibility=hidden '-std=gnu11' ";
				OTHER_LDFLAGS = (" -dynamiclib -Wl,-headerpad_max_install_names");
				OTHER_REZFLAGS = "";
				PRODUCT_NAME = Set.1.6.1;
				SECTORDER_FLAGS = "";
				SYMROOT = /Users/thahnen/GitHub/libSet/libSet;
				USE_HEADERMAP = NO;
				WARNING_CFLAGS = ("$(inherited)");
			};
			name = Debug;
		};
		B77C55D7379A49FB9B2BAF72 /* RelWithDebInfo */ = {
			isa = XCBuildConfiguration;
			buildSettings = {
				COMBINE_HIDPI_IMAGES = YES;
				GCC_GENERATE_DEBUGGING_SYMBOLS = YES;
				GCC_INLINES_ARE_PRIVATE_EXTERN = NO;
				GCC_OPTIMIZATION_LEVEL = 0;
				GCC_PREPROCESSOR_DEFINITIONS = ("'CMAKE_INTDIR=\"$(CONFIGURATION)$(EFFECTIVE_PLATFORM_NAME)\"'");
				GCC_SYMBOLS_PRIVATE_EXTERN = NO;
				INSTALL_PATH = "";
				OTHER_LDFLAGS = ("");
				OTHER_REZFLAGS = "";
				PRODUCT_NAME = ZERO_CHECK;
				SECTORDER_FLAGS = "";
				SYMROOT = /Users/thahnen/GitHub/libSet/libSet;
				USE_HEADERMAP = NO;
				WARNING_CFLAGS = ("$(inherited)");
			};
			name = RelWithDebInfo;
		};
		B7ACE94013BB4BDABD747259 /* Debug */ = {
			isa = XCBuildConfiguration;
			buildSettings = {
				COMBINE_HIDPI_IMAGES = YES;
				GCC_GENERATE_DEBUGGING_SYMBOLS = YES;
				GCC_INLINES_ARE_PRIVATE_EXTERN = NO;
				GCC_OPTIMIZATION_LEVEL = 0;
				GCC_PREPROCESSOR_DEFINITIONS = ("'CMAKE_INTDIR=\"$(CONFIGURATION)$(EFFECTIVE_PLATFORM_NAME)\"'");
				GCC_SYMBOLS_PRIVATE_EXTERN = NO;
				INSTALL_PATH = "";
				OTHER_LDFLAGS = ("");
				OTHER_REZFLAGS = "";
				PRODUCT_NAME = install;
				SECTORDER_FLAGS = "";
				SYMROOT = /Users/thahnen/GitHub/libSet/libSet;
				USE_HEADERMAP = NO;
				WARNING_CFLAGS = ("$(inherited)");
			};
			name = Debug;
		};
		BC4F2073DB5046839C4CDBF8 /* Debug */ = {
			isa = XCBuildConfiguration;
			buildSettings = {
				COMBINE_HIDPI_IMAGES = YES;
				GCC_GENERATE_DEBUGGING_SYMBOLS = YES;
				GCC_INLINES_ARE_PRIVATE_EXTERN = NO;
				GCC_OPTIMIZATION_LEVEL = 0;
				GCC_PREPROCESSOR_DEFINITIONS = ("'CMAKE_INTDIR=\"$(CONFIGURATION)$(EFFECTIVE_PLATFORM_NAME)\"'");
				GCC_SYMBOLS_PRIVATE_EXTERN = NO;
				INSTALL_PATH = "";
				OTHER_LDFLAGS = ("");
				OTHER_REZFLAGS = "";
				PRODUCT_NAME = ZERO_CHECK;
				SECTORDER_FLAGS = "";
				SYMROOT = /Users/thahnen/GitHub/libSet/libSet;
				USE_HEADERMAP = NO;
				WARNING_CFLAGS = ("$(inherited)");
			};
			name = Debug;
		};
		BCE7E0ACBD1A466581347CBA /* RelWithDebInfo */ = {
			isa = XCBuildConfiguration;
			buildSettings = {
				COMBINE_HIDPI_IMAGES = YES;
				GCC_GENERATE_DEBUGGING_SYMBOLS = YES;
				GCC_INLINES_ARE_PRIVATE_EXTERN = NO;
				GCC_OPTIMIZATION_LEVEL = 0;
				GCC_PREPROCESSOR_DEFINITIONS = ("'CMAKE_INTDIR=\"$(CONFIGURATION)$(EFFECTIVE_PLATFORM_NAME)\"'");
				GCC_SYMBOLS_PRIVATE_EXTERN = NO;
				INSTALL_PATH = "";
				OTHER_LDFLAGS = ("");
				OTHER_REZFLAGS = "";
				PRODUCT_NAME = install;
				SECTORDER_FLAGS = "";
				SYMROOT = /Users/thahnen/GitHub/libSet/libSet;
				USE_HEADERMAP = NO;
				WARNING_CFLAGS = ("$(inherited)");
			};
			name = RelWithDebInfo;
		};
		C607145CBC0F43B9BBC44DA1 /* MinSizeRel */ = {
			isa = XCBuildConfiguration;
			buildSettings = {
				COMBINE_HIDPI_IMAGES = YES;
				GCC_GENERATE_DEBUGGING_SYMBOLS = YES;
				GCC_INLINES_ARE_PRIVATE_EXTERN = NO;
				GCC_OPTIMIZATION_LEVEL = 0;
				GCC_PREPROCESSOR_DEFINITIONS = ("'CMAKE_INTDIR=\"$(CONFIGURATION)$(EFFECTIVE_PLATFORM_NAME)\"'");
				GCC_SYMBOLS_PRIVATE_EXTERN = NO;
				INSTALL_PATH = "";
				OTHER_LDFLAGS = ("");
				OTHER_REZFLAGS = "";
				PRODUCT_NAME = ZERO_CHECK;
				SECTORDER_FLAGS = "";
				SYMROOT = /Users/thahnen/GitHub/libSet/libSet;
				USE_HEADERMAP = NO;
				WARNING_CFLAGS = ("$(inherited)");
			};
			name = MinSizeRel;
		};
		CC03E13A7ED14F0CA457AAB3 /* Debug */ = {
			isa = XCBuildConfiguration;
			buildSettings = {
				COMBINE_HIDPI_IMAGES = YES;
				GCC_GENERATE_DEBUGGING_SYMBOLS = YES;
				GCC_INLINES_ARE_PRIVATE_EXTERN = NO;
				GCC_OPTIMIZATION_LEVEL = 0;
				GCC_PREPROCESSOR_DEFINITIONS = ("'CMAKE_INTDIR=\"$(CONFIGURATION)$(EFFECTIVE_PLATFORM_NAME)\"'");
				GCC_SYMBOLS_PRIVATE_EXTERN = NO;
				INSTALL_PATH = "";
				OTHER_LDFLAGS = ("");
				OTHER_REZFLAGS = "";
				PRODUCT_NAME = ALL_BUILD;
				SECTORDER_FLAGS = "";
				SYMROOT = /Users/thahnen/GitHub/libSet/libSet;
				USE_HEADERMAP = NO;
				WARNING_CFLAGS = ("$(inherited)");
			};
			name = Debug;
		};
		D3BA516BE47B41C893630A25 /* RelWithDebInfo */ = {
			isa = XCBuildConfiguration;
			buildSettings = {
				COMBINE_HIDPI_IMAGES = YES;
				EXECUTABLE_PREFIX = "";
				EXECUTABLE_SUFFIX = "";
				GCC_GENERATE_DEBUGGING_SYMBOLS = NO;
				GCC_INLINES_ARE_PRIVATE_EXTERN = NO;
				GCC_OPTIMIZATION_LEVEL = 0;
				GCC_PREPROCESSOR_DEFINITIONS = ("'CMAKE_INTDIR=\"$(CONFIGURATION)$(EFFECTIVE_PLATFORM_NAME)\"'");
				GCC_SYMBOLS_PRIVATE_EXTERN = NO;
				HEADER_SEARCH_PATHS = (/Users/thahnen/GitHub/libSet/libSet/./include,/usr/local/Cellar/check/0.15.2/include,"$(inherited)");
				INSTALL_PATH = "";
				LD_RUNPATH_SEARCH_PATHS = (/Users/thahnen/GitHub/libSet/libSet/RelWithDebInfo,"$(inherited)");
				OTHER_CFLAGS = "'-std=gnu11' ";
				OTHER_LDFLAGS = (" -Wl,-search_paths_first -Wl,-headerpad_max_install_names",/Users/thahnen/GitHub/libSet/libSet/RelWithDebInfo/libSet.1.6.1.dylib,/usr/local/Cellar/check/0.15.2/lib/libcheck.dylib);
				OTHER_REZFLAGS = "";
				PRODUCT_NAME = libSet_Unittest;
				SECTORDER_FLAGS = "";
				SYMROOT = /Users/thahnen/GitHub/libSet/libSet;
				USE_HEADERMAP = NO;
				WARNING_CFLAGS = ("$(inherited)");
			};
			name = RelWithDebInfo;
		};
		D675C6413C1D4525BE9603F5 /* Release */ = {
			isa = XCBuildConfiguration;
			buildSettings = {
				ARCHS = "$(NATIVE_ARCH_ACTUAL)";
				MACOSX_DEPLOYMENT_TARGET = 10.15;
				ONLY_ACTIVE_ARCH = YES;
				SDKROOT = /Library/Developer/CommandLineTools/SDKs/MacOSX11.1.sdk;
				SYMROOT = /Users/thahnen/GitHub/libSet/libSet/build;
			};
			name = Release;
		};
		D6BC73313AE14A27A6AE4912 /* Release */ = {
			isa = XCBuildConfiguration;
			buildSettings = {
				COMBINE_HIDPI_IMAGES = YES;
				GCC_GENERATE_DEBUGGING_SYMBOLS = YES;
				GCC_INLINES_ARE_PRIVATE_EXTERN = NO;
				GCC_OPTIMIZATION_LEVEL = 0;
				GCC_PREPROCESSOR_DEFINITIONS = ("'CMAKE_INTDIR=\"$(CONFIGURATION)$(EFFECTIVE_PLATFORM_NAME)\"'");
				GCC_SYMBOLS_PRIVATE_EXTERN = NO;
				INSTALL_PATH = "";
				OTHER_LDFLAGS = ("");
				OTHER_REZFLAGS = "";
				PRODUCT_NAME = ZERO_CHECK;
				SECTORDER_FLAGS = "";
				SYMROOT = /Users/thahnen/GitHub/libSet/libSet;
				USE_HEADERMAP = NO;
				WARNING_CFLAGS = ("$(inherited)");
			};
			name = Release;
		};
		DE5B241E0B4F49ABBC2A83A9 /* RelWithDebInfo */ = {
			isa = XCBuildConfiguration;
			buildSettings = {
				ARCHS = "$(NATIVE_ARCH_ACTUAL)";
				MACOSX_DEPLOYMENT_TARGET = 10.15;
				ONLY_ACTIVE_ARCH = YES;
				SDKROOT = /Library/Developer/CommandLineTools/SDKs/MacOSX11.1.sdk;
				SYMROOT = /Users/thahnen/GitHub/libSet/libSet/build;
			};
			name = RelWithDebInfo;
		};
		DF1FB25E0E414215B17666A8 /* MinSizeRel */ = {
			isa = XCBuildConfiguration;
			buildSettings = {
				COMBINE_HIDPI_IMAGES = YES;
				GCC_GENERATE_DEBUGGING_SYMBOLS = YES;
				GCC_INLINES_ARE_PRIVATE_EXTERN = NO;
				GCC_OPTIMIZATION_LEVEL = 0;
				GCC_PREPROCESSOR_DEFINITIONS = ("'CMAKE_INTDIR=\"$(CONFIGURATION)$(EFFECTIVE_PLATFORM_NAME)\"'");
				GCC_SYMBOLS_PRIVATE_EXTERN = NO;
				INSTALL_PATH = "";
				OTHER_LDFLAGS = ("");
				OTHER_REZFLAGS = "";
				PRODUCT_NAME = ALL_BUILD;
				SECTORDER_FLAGS = "";
				SYMROOT = /Users/thahnen/GitHub/libSet/libSet;
				USE_HEADERMAP = NO;
				WARNING_CFLAGS = ("$(inherited)");
			};
			name = MinSizeRel;
		};
		E549138243CE47D1B0086D96 /* MinSizeRel */ = {
			isa = XCBuildConfiguration;
			buildSettings = {
				COMBINE_HIDPI_IMAGES = YES;
				EXECUTABLE_PREFIX = "";
				EXECUTABLE_SUFFIX = "";
				GCC_GENERATE_DEBUGGING_SYMBOLS = NO;
				GCC_INLINES_ARE_PRIVATE_EXTERN = NO;
				GCC_OPTIMIZATION_LEVEL = 0;
				GCC_PREPROCESSOR_DEFINITIONS = ("'CMAKE_INTDIR=\"$(CONFIGURATION)$(EFFECTIVE_PLATFORM_NAME)\"'");
				GCC_SYMBOLS_PRIVATE_EXTERN = NO;
				HEADER_SEARCH_PATHS = (/Users/thahnen/GitHub/libSet/libSet/./include,/usr/local/Cellar/check/0.15.2/include,"$(inherited)");
				INSTALL_PATH = "";
				LD_RUNPATH_SEARCH_PATHS = (/Users/thahnen/GitHub/libSet/libSet/MinSizeRel,"$(inherited)");
				OTHER_CFLAGS = "'-std=gnu11' ";
				OTHER_LDFLAGS = (" -Wl,-search_paths_first -Wl,-headerpad_max_install_names",/Users/thahnen/GitHub/libSet/libSet/MinSizeRel/libSet.1.6.1.dylib,/usr/local/Cellar/check/0.15.2/lib/libcheck.dylib);
				OTHER_REZFLAGS = "";
				PRODUCT_NAME = libSet_Unittest;
				SECTORDER_FLAGS = "";
				SYMROOT = /Users/thahnen/GitHub/libSet/libSet;
				USE_HEADERMAP = NO;
				WARNING_CFLAGS = ("$(inherited)");
			};
			name = MinSizeRel;
		};
		EAF2423BF74C4D99BE954640 /* MinSizeRel */ = {
			isa = XCBuildConfiguration;
			buildSettings = {
				COMBINE_HIDPI_IMAGES = YES;
				DYLIB_COMPATIBILITY_VERSION = "";
				DYLIB_CURRENT_VERSION = 1.6.1;
				EXECUTABLE_PREFIX = lib;
				EXECUTABLE_SUFFIX = .dylib;
				GCC_GENERATE_DEBUGGING_SYMBOLS = NO;
				GCC_INLINES_ARE_PRIVATE_EXTERN = NO;
				GCC_OPTIMIZATION_LEVEL = 0;
				GCC_PREPROCESSOR_DEFINITIONS = ("'CMAKE_INTDIR=\"$(CONFIGURATION)$(EFFECTIVE_PLATFORM_NAME)\"'",Set_EXPORTS);
				GCC_SYMBOLS_PRIVATE_EXTERN = NO;
				HEADER_SEARCH_PATHS = (/Users/thahnen/GitHub/libSet/libSet/./include,"$(inherited)");
				INSTALL_PATH = "@rpath";
				LIBRARY_STYLE = DYNAMIC;
				OTHER_CFLAGS = "-fPIC -fvisibility=hidden '-std=gnu11' ";
				OTHER_LDFLAGS = (" -dynamiclib -Wl,-headerpad_max_install_names");
				OTHER_REZFLAGS = "";
				PRODUCT_NAME = Set.1.6.1;
				SECTORDER_FLAGS = "";
				SYMROOT = /Users/thahnen/GitHub/libSet/libSet;
				USE_HEADERMAP = NO;
				WARNING_CFLAGS = ("$(inherited)");
			};
			name = MinSizeRel;
		};
		FB9E90A7A71C492E89450F42 /* Debug */ = {
			isa = XCBuildConfiguration;
			buildSettings = {
				ARCHS = "$(NATIVE_ARCH_ACTUAL)";
				MACOSX_DEPLOYMENT_TARGET = 10.15;
				ONLY_ACTIVE_ARCH = YES;
				SDKROOT = /Library/Developer/CommandLineTools/SDKs/MacOSX11.1.sdk;
				SYMROOT = /Users/thahnen/GitHub/libSet/libSet/build;
			};
			name = Debug;
		};
		FFE0A5E3CF7348C88F530A42 /* MinSizeRel */ = {
			isa = XCBuildConfiguration;
			buildSettings = {
				ARCHS = "$(NATIVE_ARCH_ACTUAL)";
				MACOSX_DEPLOYMENT_TARGET = 10.15;
				ONLY_ACTIVE_ARCH = YES;
				SDKROOT = /Library/Developer/CommandLineTools/SDKs/MacOSX11.1.sdk;
				SYMROOT = /Users/thahnen/GitHub/libSet/libSet/build;
			};
			name = MinSizeRel;
		};
/* End XCBuildConfiguration section */

/* Begin XCConfigurationList section */
		5FDF698F01734894AB9218A4 /* Build configuration list for PBXProject "Set" */ = {
			isa = XCConfigurationList;
			buildConfigurations = (
				FB9E90A7A71C492E89450F42 /* Debug */,
				D675C6413C1D4525BE9603F5 /* Release */,
				FFE0A5E3CF7348C88F530A42 /* MinSizeRel */,
				DE5B241E0B4F49ABBC2A83A9 /* RelWithDebInfo */,
			);
			defaultConfigurationIsVisible = 0;
			defaultConfigurationName = Debug;
		};
		61D2791226294D41AFA05D55 /* Build configuration list for PBXAggregateTarget "install" */ = {
			isa = XCConfigurationList;
			buildConfigurations = (
				B7ACE94013BB4BDABD747259 /* Debug */,
				705B025C4C3A42BC99AEA342 /* Release */,
				7B6E114E27D340EBBBEB106B /* MinSizeRel */,
				BCE7E0ACBD1A466581347CBA /* RelWithDebInfo */,
			);
			defaultConfigurationIsVisible = 0;
			defaultConfigurationName = Debug;
		};
		932B85F399644969B1E4AE99 /* Build configuration list for PBXNativeTarget "libSet_Unittest" */ = {
			isa = XCConfigurationList;
			buildConfigurations = (
				15822A7BC80C47688F48B0F8 /* Debug */,
				3C002071579B4906AFD29C12 /* Release */,
				E549138243CE47D1B0086D96 /* MinSizeRel */,
				D3BA516BE47B41C893630A25 /* RelWithDebInfo */,
			);
			defaultConfigurationIsVisible = 0;
			defaultConfigurationName = Debug;
		};
		DCF4E49963B04FC5A4BBFEC8 /* Build configuration list for PBXAggregateTarget "ZERO_CHECK" */ = {
			isa = XCConfigurationList;
			buildConfigurations = (
				BC4F2073DB5046839C4CDBF8 /* Debug */,
				D6BC73313AE14A27A6AE4912 /* Release */,
				C607145CBC0F43B9BBC44DA1 /* MinSizeRel */,
				B77C55D7379A49FB9B2BAF72 /* RelWithDebInfo */,
			);
			defaultConfigurationIsVisible = 0;
			defaultConfigurationName = Debug;
		};
		EA2FEA6B8547475AA50AE513 /* Build configuration list for PBXNativeTarget "Set" */ = {
			isa = XCConfigurationList;
			buildConfigurations = (
				A88C9DB94EE14311AC23B779 /* Debug */,
				4C2DE71F73834153B04D3EF6 /* Release */,
				EAF2423BF74C4D99BE954640 /* MinSizeRel */,
				4ED1BF135E7B4D7395FF2407 /* RelWithDebInfo */,
			);
			defaultConfigurationIsVisible = 0;
			defaultConfigurationName = Debug;
		};
		FED60E9894654047BEFB0804 /* Build configuration list for PBXAggregateTarget "ALL_BUILD" */ = {
			isa = XCConfigurationList;
			buildConfigurations = (
				CC03E13A7ED14F0CA457AAB3 /* Debug */,
				22394893B5154776B83A5862 /* Release */,
				DF1FB25E0E414215B17666A8 /* MinSizeRel */,
				08E7E28942F64614B86D8013 /* RelWithDebInfo */,
			);
			defaultConfigurationIsVisible = 0;
			defaultConfigurationName = Debug;
		};
/* End XCConfigurationList section */
	};
	rootObject = 313FFB47C1F34A89A2175FFA /* Project object */;
}
