// !$*UTF8*$!
{
	archiveVersion = 1;
	classes = {
	};
	objectVersion = 46;
	objects = {

/* Begin PBXAggregateTarget section */
		02AA4201EA0A449E9C5227BB /* install */ = {
			isa = PBXAggregateTarget;
			buildConfigurationList = 8C8053431F554A8088466E32 /* Build configuration list for PBXAggregateTarget "install" */;
			buildPhases = (
				93426DA6A4AC2C2AC9CE883C /* CMake PostBuild Rules */,
			);
			dependencies = (
				17A9FA3111BD427DB224CC42 /* PBXTargetDependency */,
			);
			name = install;
			productName = install;
		};
		29FFAC89298C49ECA5EBFCA2 /* ALL_BUILD */ = {
			isa = PBXAggregateTarget;
			buildConfigurationList = 4CFE7A11B5C547098E5D9B50 /* Build configuration list for PBXAggregateTarget "ALL_BUILD" */;
			buildPhases = (
				CF2710A1FB8F9BB34E907C69 /* Generate CMakeFiles/ALL_BUILD */,
			);
			dependencies = (
				608FD70D9C0845D0BE2DDE71 /* PBXTargetDependency */,
				C0E6BA2E68A24A17B33292C2 /* PBXTargetDependency */,
				07A164A512DC4CF7A5B04896 /* PBXTargetDependency */,
			);
			name = ALL_BUILD;
			productName = ALL_BUILD;
		};
		A14113FDDA3541208584DEFF /* ZERO_CHECK */ = {
			isa = PBXAggregateTarget;
			buildConfigurationList = 5010278380354933A04E32F6 /* Build configuration list for PBXAggregateTarget "ZERO_CHECK" */;
			buildPhases = (
				C1F77055FD2C5C94C20AFFEE /* Generate CMakeFiles/ZERO_CHECK */,
			);
			dependencies = (
			);
			name = ZERO_CHECK;
			productName = ZERO_CHECK;
		};
/* End PBXAggregateTarget section */

/* Begin PBXBuildFile section */
		2B42641F114546BCA9524F34 /* /Users/thahnen/GitHub/libSet/tests/test_set_min.c */ = {isa = PBXBuildFile; fileRef = 63F2A34DA2FE4BF68FD6281E /* /Users/thahnen/GitHub/libSet/tests/test_set_min.c */; };
		3833251BA1A142C5B386A805 /* /Users/thahnen/GitHub/libSet/include/ll.h */ = {isa = PBXBuildFile; fileRef = F5CD6277BB204E45AD5D4EC8 /* /Users/thahnen/GitHub/libSet/include/ll.h */; };
		3A44870FCA474B1DA5F007D0 /* /Users/thahnen/GitHub/libSet/tests/test_set_max.c */ = {isa = PBXBuildFile; fileRef = 144530656009474CB8C0829A /* /Users/thahnen/GitHub/libSet/tests/test_set_max.c */; };
		452F131CEAF742B0A4DE29E8 /* /Users/thahnen/GitHub/libSet/tests/test_set_add.c */ = {isa = PBXBuildFile; fileRef = 894F02C2C66D4D0F80B73D94 /* /Users/thahnen/GitHub/libSet/tests/test_set_add.c */; };
		4A6BD2BDBD2041E7A1C2F93B /* /Users/thahnen/GitHub/libSet/tests/Unittests.c */ = {isa = PBXBuildFile; fileRef = 0AB126599A7C415B961E3677 /* /Users/thahnen/GitHub/libSet/tests/Unittests.c */; };
		5108BFCED40F445DB4B862F2 /* /Users/thahnen/GitHub/libSet/CMakeLists.txt */ = {isa = PBXBuildFile; fileRef = 4244F4641CF447A88267BFE7 /* /Users/thahnen/GitHub/libSet/CMakeLists.txt */; };
		923134984E7B4813A1D85BD7 /* /Users/thahnen/GitHub/libSet/tests/Unittests.h */ = {isa = PBXBuildFile; fileRef = 0AD0F9DDAEA241609BEE01E4 /* /Users/thahnen/GitHub/libSet/tests/Unittests.h */; };
		A401437626514D3FAF1FAAC5 /* /Users/thahnen/GitHub/libSet/include/set.h */ = {isa = PBXBuildFile; fileRef = 88DC91D35BBD4C209A7CCA73 /* /Users/thahnen/GitHub/libSet/include/set.h */; };
		BD6BF4E453E041068B840B60 /* /Users/thahnen/GitHub/libSet/include/type.h */ = {isa = PBXBuildFile; fileRef = DF0A99E4B5304D5E98808920 /* /Users/thahnen/GitHub/libSet/include/type.h */; };
		D6ECA2DFCAB3407991B56E6C /* /Users/thahnen/GitHub/libSet/tests/test_set_empty.c */ = {isa = PBXBuildFile; fileRef = 047D47348333479F8B8B561E /* /Users/thahnen/GitHub/libSet/tests/test_set_empty.c */; };
		E7098008DB4E4E3DB2B29B27 /* /Users/thahnen/GitHub/libSet/src/set.c */ = {isa = PBXBuildFile; fileRef = 3EAC9637AABC463FA794C868 /* /Users/thahnen/GitHub/libSet/src/set.c */; };
		E8F7D9CD797D4877A3CC98EF /* /Users/thahnen/GitHub/libSet/CMakeLists.txt */ = {isa = PBXBuildFile; fileRef = 5B6BA1FC25F9454DBDA87421 /* /Users/thahnen/GitHub/libSet/CMakeLists.txt */; };
		F4DB8838E56947D294E46903 /* /Users/thahnen/GitHub/libSet/tests/test_set_create.c */ = {isa = PBXBuildFile; fileRef = 798E85CF394F4675A6DFC948 /* /Users/thahnen/GitHub/libSet/tests/test_set_create.c */; };
/* End PBXBuildFile section */

/* Begin PBXBuildStyle section */
		344FFEB421FC4B509B38D6C0 /* Release */ = {
			isa = PBXBuildStyle;
			buildSettings = {
				COPY_PHASE_STRIP = NO;
			};
			name = Release;
		};
		4F501DC5B18343ECB123FA2C /* RelWithDebInfo */ = {
			isa = PBXBuildStyle;
			buildSettings = {
				COPY_PHASE_STRIP = NO;
			};
			name = RelWithDebInfo;
		};
		727EF2873D4D4A2292FEE35A /* Debug */ = {
			isa = PBXBuildStyle;
			buildSettings = {
				COPY_PHASE_STRIP = NO;
			};
			name = Debug;
		};
		F5C179420EEE4305A95B0419 /* MinSizeRel */ = {
			isa = PBXBuildStyle;
			buildSettings = {
				COPY_PHASE_STRIP = NO;
			};
			name = MinSizeRel;
		};
/* End PBXBuildStyle section */

/* Begin PBXContainerItemProxy section */
		0DB97B7285A049CDB5BAB3F6 /* PBXContainerItemProxy */ = {
			isa = PBXContainerItemProxy;
			containerPortal = 313FFB47C1F34A89A2175FFA /* Project object */;
			proxyType = 1;
			remoteGlobalIDString = 8CB862E92F1C4688A6ABA0A0;
			remoteInfo = Set;
		};
		4B8A90D7952549DABB2A2985 /* PBXContainerItemProxy */ = {
			isa = PBXContainerItemProxy;
			containerPortal = 313FFB47C1F34A89A2175FFA /* Project object */;
			proxyType = 1;
			remoteGlobalIDString = 29FFAC89298C49ECA5EBFCA2;
			remoteInfo = ALL_BUILD;
		};
		50EA81CA54054578A3489F4D /* PBXContainerItemProxy */ = {
			isa = PBXContainerItemProxy;
			containerPortal = 313FFB47C1F34A89A2175FFA /* Project object */;
			proxyType = 1;
			remoteGlobalIDString = A14113FDDA3541208584DEFF;
			remoteInfo = ZERO_CHECK;
		};
		7E736CE133C64BB7AAF182AC /* PBXContainerItemProxy */ = {
			isa = PBXContainerItemProxy;
			containerPortal = 313FFB47C1F34A89A2175FFA /* Project object */;
			proxyType = 1;
			remoteGlobalIDString = A14113FDDA3541208584DEFF;
			remoteInfo = ZERO_CHECK;
		};
		9418A12DF54F46BDAAAE2630 /* PBXContainerItemProxy */ = {
			isa = PBXContainerItemProxy;
			containerPortal = 313FFB47C1F34A89A2175FFA /* Project object */;
			proxyType = 1;
			remoteGlobalIDString = E611903F9C08407E94454312;
			remoteInfo = libSet_Unittest;
		};
		E119AB2C3E424DFFACF7B813 /* PBXContainerItemProxy */ = {
			isa = PBXContainerItemProxy;
			containerPortal = 313FFB47C1F34A89A2175FFA /* Project object */;
			proxyType = 1;
			remoteGlobalIDString = A14113FDDA3541208584DEFF;
			remoteInfo = ZERO_CHECK;
		};
		E337510FBFCE4C988D7241A5 /* PBXContainerItemProxy */ = {
			isa = PBXContainerItemProxy;
			containerPortal = 313FFB47C1F34A89A2175FFA /* Project object */;
			proxyType = 1;
			remoteGlobalIDString = 8CB862E92F1C4688A6ABA0A0;
			remoteInfo = Set;
		};
/* End PBXContainerItemProxy section */

/* Begin PBXFileReference section */
		047D47348333479F8B8B561E /* /Users/thahnen/GitHub/libSet/tests/test_set_empty.c */ = {isa = PBXFileReference; explicitFileType = sourcecode.c.c; fileEncoding = 4; name = test_set_empty.c; path = tests/test_set_empty.c; sourceTree = SOURCE_ROOT; };
		0AB126599A7C415B961E3677 /* /Users/thahnen/GitHub/libSet/tests/Unittests.c */ = {isa = PBXFileReference; explicitFileType = sourcecode.c.c; fileEncoding = 4; name = Unittests.c; path = tests/Unittests.c; sourceTree = SOURCE_ROOT; };
		0AD0F9DDAEA241609BEE01E4 /* /Users/thahnen/GitHub/libSet/tests/Unittests.h */ = {isa = PBXFileReference; explicitFileType = sourcecode.c.h; fileEncoding = 4; name = Unittests.h; path = tests/Unittests.h; sourceTree = SOURCE_ROOT; };
		0D486691A79D4B9DA3282139 /* libSet_Unittest */ = {isa = PBXFileReference; explicitFileType = "compiled.mach-o.executable"; path = libSet_Unittest; sourceTree = BUILT_PRODUCTS_DIR; };
		144530656009474CB8C0829A /* /Users/thahnen/GitHub/libSet/tests/test_set_max.c */ = {isa = PBXFileReference; explicitFileType = sourcecode.c.c; fileEncoding = 4; name = test_set_max.c; path = tests/test_set_max.c; sourceTree = SOURCE_ROOT; };
		3EAC9637AABC463FA794C868 /* /Users/thahnen/GitHub/libSet/src/set.c */ = {isa = PBXFileReference; explicitFileType = sourcecode.c.c; fileEncoding = 4; name = set.c; path = src/set.c; sourceTree = SOURCE_ROOT; };
		4244F4641CF447A88267BFE7 /* /Users/thahnen/GitHub/libSet/CMakeLists.txt */ = {isa = PBXFileReference; explicitFileType = sourcecode.text; fileEncoding = 4; name = CMakeLists.txt; path = CMakeLists.txt; sourceTree = SOURCE_ROOT; };
		5B6BA1FC25F9454DBDA87421 /* /Users/thahnen/GitHub/libSet/CMakeLists.txt */ = {isa = PBXFileReference; explicitFileType = sourcecode.text; fileEncoding = 4; name = CMakeLists.txt; path = CMakeLists.txt; sourceTree = SOURCE_ROOT; };
		63F2A34DA2FE4BF68FD6281E /* /Users/thahnen/GitHub/libSet/tests/test_set_min.c */ = {isa = PBXFileReference; explicitFileType = sourcecode.c.c; fileEncoding = 4; name = test_set_min.c; path = tests/test_set_min.c; sourceTree = SOURCE_ROOT; };
		798E85CF394F4675A6DFC948 /* /Users/thahnen/GitHub/libSet/tests/test_set_create.c */ = {isa = PBXFileReference; explicitFileType = sourcecode.c.c; fileEncoding = 4; name = test_set_create.c; path = tests/test_set_create.c; sourceTree = SOURCE_ROOT; };
		88DC91D35BBD4C209A7CCA73 /* /Users/thahnen/GitHub/libSet/include/set.h */ = {isa = PBXFileReference; explicitFileType = sourcecode.c.h; fileEncoding = 4; name = set.h; path = include/set.h; sourceTree = SOURCE_ROOT; };
		894F02C2C66D4D0F80B73D94 /* /Users/thahnen/GitHub/libSet/tests/test_set_add.c */ = {isa = PBXFileReference; explicitFileType = sourcecode.c.c; fileEncoding = 4; name = test_set_add.c; path = tests/test_set_add.c; sourceTree = SOURCE_ROOT; };
		A6B0EFD782814349B5DD649B /* Set */ = {isa = PBXFileReference; explicitFileType = "compiled.mach-o.dylib"; path = libSet.dylib; sourceTree = BUILT_PRODUCTS_DIR; };
		DF0A99E4B5304D5E98808920 /* /Users/thahnen/GitHub/libSet/include/type.h */ = {isa = PBXFileReference; explicitFileType = sourcecode.c.h; fileEncoding = 4; name = type.h; path = include/type.h; sourceTree = SOURCE_ROOT; };
		F3781F9D90004080BAFFF66A /* /Users/thahnen/GitHub/libSet/CMakeLists.txt */ = {isa = PBXFileReference; explicitFileType = sourcecode.text; fileEncoding = 4; name = CMakeLists.txt; path = CMakeLists.txt; sourceTree = SOURCE_ROOT; };
		F5CD6277BB204E45AD5D4EC8 /* /Users/thahnen/GitHub/libSet/include/ll.h */ = {isa = PBXFileReference; explicitFileType = sourcecode.c.h; fileEncoding = 4; name = ll.h; path = include/ll.h; sourceTree = SOURCE_ROOT; };
/* End PBXFileReference section */

/* Begin PBXFrameworksBuildPhase section */
		11A3EAA37937471BAE9B80BB /* Frameworks */ = {
			isa = PBXFrameworksBuildPhase;
			buildActionMask = 2147483647;
			files = (
			);
			runOnlyForDeploymentPostprocessing = 0;
		};
		B060C867C7994C91B54ABEAB /* Frameworks */ = {
			isa = PBXFrameworksBuildPhase;
			buildActionMask = 2147483647;
			files = (
			);
			runOnlyForDeploymentPostprocessing = 0;
		};
/* End PBXFrameworksBuildPhase section */

/* Begin PBXGroup section */
		12899276579043828DA9829E /* libSet_Unittest */ = {
			isa = PBXGroup;
			children = (
				AFFBBB04892F4772BF66BF59 /* Header Files */,
				E0E2EF903B2A459CAAD3BF66 /* Source Files */,
				5B6BA1FC25F9454DBDA87421 /* /Users/thahnen/GitHub/libSet/CMakeLists.txt */,
			);
			name = libSet_Unittest;
			sourceTree = "<group>";
		};
		1C243F7A887F41498EF28178 /* Set */ = {
			isa = PBXGroup;
			children = (
				6D846C5515204FADBBD956A6 /* Header Files */,
				B7942F672CA74D5CBDEBBB66 /* Source Files */,
				4244F4641CF447A88267BFE7 /* /Users/thahnen/GitHub/libSet/CMakeLists.txt */,
			);
			name = Set;
			sourceTree = "<group>";
		};
		3209DB7B42DE4158AEC79BE4 = {
			isa = PBXGroup;
			children = (
				12899276579043828DA9829E /* libSet_Unittest */,
				1C243F7A887F41498EF28178 /* Set */,
				47B98C271A4D4A42AEAAF912 /* ALL_BUILD */,
				81235DECE97B4D0D8EB721A8 /* Products */,
				4C1A1EB4FC274619B48C243A /* Frameworks */,
			);
			sourceTree = "<group>";
		};
		47B98C271A4D4A42AEAAF912 /* ALL_BUILD */ = {
			isa = PBXGroup;
			children = (
				67B3A882E589473DB6A250F9 /* CMake Rules */,
				F3781F9D90004080BAFFF66A /* /Users/thahnen/GitHub/libSet/CMakeLists.txt */,
			);
			name = ALL_BUILD;
			sourceTree = "<group>";
		};
		4C1A1EB4FC274619B48C243A /* Frameworks */ = {
			isa = PBXGroup;
			children = (
			);
			name = Frameworks;
			sourceTree = "<group>";
		};
		67B3A882E589473DB6A250F9 /* CMake Rules */ = {
			isa = PBXGroup;
			children = (
			);
			name = "CMake Rules";
			sourceTree = "<group>";
		};
		6D846C5515204FADBBD956A6 /* Header Files */ = {
			isa = PBXGroup;
			children = (
				F5CD6277BB204E45AD5D4EC8 /* /Users/thahnen/GitHub/libSet/include/ll.h */,
				88DC91D35BBD4C209A7CCA73 /* /Users/thahnen/GitHub/libSet/include/set.h */,
				DF0A99E4B5304D5E98808920 /* /Users/thahnen/GitHub/libSet/include/type.h */,
			);
			name = "Header Files";
			sourceTree = "<group>";
		};
		81235DECE97B4D0D8EB721A8 /* Products */ = {
			isa = PBXGroup;
			children = (
				A6B0EFD782814349B5DD649B /* Set */,
				0D486691A79D4B9DA3282139 /* libSet_Unittest */,
			);
			name = Products;
			sourceTree = "<group>";
		};
		AFFBBB04892F4772BF66BF59 /* Header Files */ = {
			isa = PBXGroup;
			children = (
				0AD0F9DDAEA241609BEE01E4 /* /Users/thahnen/GitHub/libSet/tests/Unittests.h */,
			);
			name = "Header Files";
			sourceTree = "<group>";
		};
		B7942F672CA74D5CBDEBBB66 /* Source Files */ = {
			isa = PBXGroup;
			children = (
				3EAC9637AABC463FA794C868 /* /Users/thahnen/GitHub/libSet/src/set.c */,
			);
			name = "Source Files";
			sourceTree = "<group>";
		};
		E0E2EF903B2A459CAAD3BF66 /* Source Files */ = {
			isa = PBXGroup;
			children = (
				0AB126599A7C415B961E3677 /* /Users/thahnen/GitHub/libSet/tests/Unittests.c */,
				894F02C2C66D4D0F80B73D94 /* /Users/thahnen/GitHub/libSet/tests/test_set_add.c */,
				798E85CF394F4675A6DFC948 /* /Users/thahnen/GitHub/libSet/tests/test_set_create.c */,
				047D47348333479F8B8B561E /* /Users/thahnen/GitHub/libSet/tests/test_set_empty.c */,
				144530656009474CB8C0829A /* /Users/thahnen/GitHub/libSet/tests/test_set_max.c */,
				63F2A34DA2FE4BF68FD6281E /* /Users/thahnen/GitHub/libSet/tests/test_set_min.c */,
			);
			name = "Source Files";
			sourceTree = "<group>";
		};
/* End PBXGroup section */

/* Begin PBXNativeTarget section */
		8CB862E92F1C4688A6ABA0A0 /* Set */ = {
			isa = PBXNativeTarget;
			buildConfigurationList = 44139D1BF52046D385A9103A /* Build configuration list for PBXNativeTarget "Set" */;
			buildPhases = (
				5042974B7D224F31896698CD /* Sources */,
				B060C867C7994C91B54ABEAB /* Frameworks */,
				FBC62681803DB6B941376BE6 /* CMake PostBuild Rules */,
			);
			buildRules = (
			);
			dependencies = (
				C2D441504A634F40A10C8F0A /* PBXTargetDependency */,
			);
			name = Set;
			productName = Set;
			productReference = A6B0EFD782814349B5DD649B /* Set */;
			productType = "com.apple.product-type.library.dynamic";
		};
		E611903F9C08407E94454312 /* libSet_Unittest */ = {
			isa = PBXNativeTarget;
			buildConfigurationList = 5B5A6B570F4E4D128B1DE760 /* Build configuration list for PBXNativeTarget "libSet_Unittest" */;
			buildPhases = (
				715871457960452C89B8AB4C /* Sources */,
				11A3EAA37937471BAE9B80BB /* Frameworks */,
			);
			buildRules = (
			);
			dependencies = (
				1FF47D3A6A9646BBBDEAC3C1 /* PBXTargetDependency */,
				CEEA564608BE433682C59413 /* PBXTargetDependency */,
			);
			name = libSet_Unittest;
			productName = libSet_Unittest;
			productReference = 0D486691A79D4B9DA3282139 /* libSet_Unittest */;
			productType = "com.apple.product-type.tool";
		};
/* End PBXNativeTarget section */

/* Begin PBXProject section */
		313FFB47C1F34A89A2175FFA /* Project object */ = {
			isa = PBXProject;
			attributes = {
				BuildIndependentTargetsInParallel = YES;
				LastUpgradeCheck = 1240;
			};
			buildConfigurationList = 877C425715DE47B380FC2B26 /* Build configuration list for PBXProject "Set" */;
			buildSettings = {
			};
			buildStyles = (
				727EF2873D4D4A2292FEE35A /* Debug */,
				344FFEB421FC4B509B38D6C0 /* Release */,
				F5C179420EEE4305A95B0419 /* MinSizeRel */,
				4F501DC5B18343ECB123FA2C /* RelWithDebInfo */,
			);
			compatibilityVersion = "Xcode 3.2";
			hasScannedForEncodings = 0;
			mainGroup = 3209DB7B42DE4158AEC79BE4;
			projectDirPath = .;
			projectRoot = "";
			targets = (
				29FFAC89298C49ECA5EBFCA2 /* ALL_BUILD */,
				8CB862E92F1C4688A6ABA0A0 /* Set */,
				A14113FDDA3541208584DEFF /* ZERO_CHECK */,
				02AA4201EA0A449E9C5227BB /* install */,
				E611903F9C08407E94454312 /* libSet_Unittest */,
			);
		};
/* End PBXProject section */

/* Begin PBXShellScriptBuildPhase section */
		3C0110FC8322DE7E50886E21 = {
			isa = PBXShellScriptBuildPhase;
			buildActionMask = 2147483647;
			files = (
			);
			inputPaths = (
			);
			outputPaths = (
			);
			runOnlyForDeploymentPostprocessing = 0;
			shellPath = /bin/sh;
			shellScript = "# shell script goes here
exit 0";
			showEnvVarsInLog = 0;
		};
		87AF4882E018677E2624B544 = {
			isa = PBXShellScriptBuildPhase;
			buildActionMask = 2147483647;
			files = (
			);
			inputPaths = (
			);
			outputPaths = (
			);
			runOnlyForDeploymentPostprocessing = 0;
			shellPath = /bin/sh;
			shellScript = "# shell script goes here
exit 0";
			showEnvVarsInLog = 0;
		};
		93426DA6A4AC2C2AC9CE883C /* CMake PostBuild Rules */ = {
			isa = PBXShellScriptBuildPhase;
			alwaysOutOfDate = 1;
			buildActionMask = 2147483647;
			files = (
			);
			name = "CMake PostBuild Rules";
			outputPaths = (
			);
			runOnlyForDeploymentPostprocessing = 0;
			shellPath = /bin/sh;
			shellScript = "set -e
if test \"$CONFIGURATION\" = \"Debug\"; then :
  cd /Users/thahnen/GitHub/libSet
  /usr/local/Cellar/cmake/3.20.2/bin/cmake -DBUILD_TYPE=$CONFIGURATION$EFFECTIVE_PLATFORM_NAME -P cmake_install.cmake
fi
if test \"$CONFIGURATION\" = \"Release\"; then :
  cd /Users/thahnen/GitHub/libSet
  /usr/local/Cellar/cmake/3.20.2/bin/cmake -DBUILD_TYPE=$CONFIGURATION$EFFECTIVE_PLATFORM_NAME -P cmake_install.cmake
fi
if test \"$CONFIGURATION\" = \"MinSizeRel\"; then :
  cd /Users/thahnen/GitHub/libSet
  /usr/local/Cellar/cmake/3.20.2/bin/cmake -DBUILD_TYPE=$CONFIGURATION$EFFECTIVE_PLATFORM_NAME -P cmake_install.cmake
fi
if test \"$CONFIGURATION\" = \"RelWithDebInfo\"; then :
  cd /Users/thahnen/GitHub/libSet
  /usr/local/Cellar/cmake/3.20.2/bin/cmake -DBUILD_TYPE=$CONFIGURATION$EFFECTIVE_PLATFORM_NAME -P cmake_install.cmake
fi
";
			showEnvVarsInLog = 0;
		};
		9B50530E35CC49C82C2FACCF = {
			isa = PBXShellScriptBuildPhase;
			buildActionMask = 2147483647;
			files = (
			);
			inputPaths = (
			);
			outputPaths = (
			);
			runOnlyForDeploymentPostprocessing = 0;
			shellPath = /bin/sh;
			shellScript = "# shell script goes here
exit 0";
			showEnvVarsInLog = 0;
		};
		C1F77055FD2C5C94C20AFFEE /* Generate CMakeFiles/ZERO_CHECK */ = {
			isa = PBXShellScriptBuildPhase;
			alwaysOutOfDate = 1;
			buildActionMask = 2147483647;
			files = (
			);
			inputPaths = (
			);
			name = "Generate CMakeFiles/ZERO_CHECK";
			outputPaths = (
/Users/thahnen/GitHub/libSet/CMakeFiles/ZERO_CHECK			);
			runOnlyForDeploymentPostprocessing = 0;
			shellPath = /bin/sh;
			shellScript = "set -e
if test \"$CONFIGURATION\" = \"Debug\"; then :
  cd /Users/thahnen/GitHub/libSet
  make -f /Users/thahnen/GitHub/libSet/CMakeScripts/ReRunCMake.make
fi
if test \"$CONFIGURATION\" = \"Release\"; then :
  cd /Users/thahnen/GitHub/libSet
  make -f /Users/thahnen/GitHub/libSet/CMakeScripts/ReRunCMake.make
fi
if test \"$CONFIGURATION\" = \"MinSizeRel\"; then :
  cd /Users/thahnen/GitHub/libSet
  make -f /Users/thahnen/GitHub/libSet/CMakeScripts/ReRunCMake.make
fi
if test \"$CONFIGURATION\" = \"RelWithDebInfo\"; then :
  cd /Users/thahnen/GitHub/libSet
  make -f /Users/thahnen/GitHub/libSet/CMakeScripts/ReRunCMake.make
fi
";
			showEnvVarsInLog = 0;
		};
		CF2710A1FB8F9BB34E907C69 /* Generate CMakeFiles/ALL_BUILD */ = {
			isa = PBXShellScriptBuildPhase;
			alwaysOutOfDate = 1;
			buildActionMask = 2147483647;
			files = (
			);
			inputPaths = (
			);
			name = "Generate CMakeFiles/ALL_BUILD";
			outputPaths = (
/Users/thahnen/GitHub/libSet/CMakeFiles/ALL_BUILD			);
			runOnlyForDeploymentPostprocessing = 0;
			shellPath = /bin/sh;
			shellScript = "set -e
if test \"$CONFIGURATION\" = \"Debug\"; then :
  cd /Users/thahnen/GitHub/libSet
  echo Build\\ all\\ projects
fi
if test \"$CONFIGURATION\" = \"Release\"; then :
  cd /Users/thahnen/GitHub/libSet
  echo Build\\ all\\ projects
fi
if test \"$CONFIGURATION\" = \"MinSizeRel\"; then :
  cd /Users/thahnen/GitHub/libSet
  echo Build\\ all\\ projects
fi
if test \"$CONFIGURATION\" = \"RelWithDebInfo\"; then :
  cd /Users/thahnen/GitHub/libSet
  echo Build\\ all\\ projects
fi
";
			showEnvVarsInLog = 0;
		};
		FBC62681803DB6B941376BE6 /* CMake PostBuild Rules */ = {
			isa = PBXShellScriptBuildPhase;
			alwaysOutOfDate = 1;
			buildActionMask = 2147483647;
			files = (
			);
			name = "CMake PostBuild Rules";
			outputPaths = (
			);
			runOnlyForDeploymentPostprocessing = 0;
			shellPath = /bin/sh;
			shellScript = "set -e
if test \"$CONFIGURATION\" = \"Debug\"; then :
  cd /Users/thahnen/GitHub/libSet
  /usr/local/Cellar/cmake/3.20.2/bin/cmake -E cmake_symlink_library /Users/thahnen/GitHub/libSet/Debug/libSet.1.6.3.dylib /Users/thahnen/GitHub/libSet/Debug/libSet.1.6.3.dylib /Users/thahnen/GitHub/libSet/Debug/libSet.dylib
fi
if test \"$CONFIGURATION\" = \"Release\"; then :
  cd /Users/thahnen/GitHub/libSet
  /usr/local/Cellar/cmake/3.20.2/bin/cmake -E cmake_symlink_library /Users/thahnen/GitHub/libSet/Release/libSet.1.6.3.dylib /Users/thahnen/GitHub/libSet/Release/libSet.1.6.3.dylib /Users/thahnen/GitHub/libSet/Release/libSet.dylib
fi
if test \"$CONFIGURATION\" = \"MinSizeRel\"; then :
  cd /Users/thahnen/GitHub/libSet
  /usr/local/Cellar/cmake/3.20.2/bin/cmake -E cmake_symlink_library /Users/thahnen/GitHub/libSet/MinSizeRel/libSet.1.6.3.dylib /Users/thahnen/GitHub/libSet/MinSizeRel/libSet.1.6.3.dylib /Users/thahnen/GitHub/libSet/MinSizeRel/libSet.dylib
fi
if test \"$CONFIGURATION\" = \"RelWithDebInfo\"; then :
  cd /Users/thahnen/GitHub/libSet
  /usr/local/Cellar/cmake/3.20.2/bin/cmake -E cmake_symlink_library /Users/thahnen/GitHub/libSet/RelWithDebInfo/libSet.1.6.3.dylib /Users/thahnen/GitHub/libSet/RelWithDebInfo/libSet.1.6.3.dylib /Users/thahnen/GitHub/libSet/RelWithDebInfo/libSet.dylib
fi
";
			showEnvVarsInLog = 0;
		};
/* End PBXShellScriptBuildPhase section */

/* Begin PBXSourcesBuildPhase section */
		5042974B7D224F31896698CD /* Sources */ = {
			isa = PBXSourcesBuildPhase;
			buildActionMask = 2147483647;
			files = (
				E7098008DB4E4E3DB2B29B27 /* /Users/thahnen/GitHub/libSet/src/set.c */,
			);
			runOnlyForDeploymentPostprocessing = 0;
		};
		715871457960452C89B8AB4C /* Sources */ = {
			isa = PBXSourcesBuildPhase;
			buildActionMask = 2147483647;
			files = (
				4A6BD2BDBD2041E7A1C2F93B /* /Users/thahnen/GitHub/libSet/tests/Unittests.c */,
				452F131CEAF742B0A4DE29E8 /* /Users/thahnen/GitHub/libSet/tests/test_set_add.c */,
				F4DB8838E56947D294E46903 /* /Users/thahnen/GitHub/libSet/tests/test_set_create.c */,
				D6ECA2DFCAB3407991B56E6C /* /Users/thahnen/GitHub/libSet/tests/test_set_empty.c */,
				3A44870FCA474B1DA5F007D0 /* /Users/thahnen/GitHub/libSet/tests/test_set_max.c */,
				2B42641F114546BCA9524F34 /* /Users/thahnen/GitHub/libSet/tests/test_set_min.c */,
			);
			runOnlyForDeploymentPostprocessing = 0;
		};
/* End PBXSourcesBuildPhase section */

/* Begin PBXTargetDependency section */
		07A164A512DC4CF7A5B04896 /* PBXTargetDependency */ = {
			isa = PBXTargetDependency;
			target = A14113FDDA3541208584DEFF /* ZERO_CHECK */;
			targetProxy = 7E736CE133C64BB7AAF182AC /* PBXContainerItemProxy */;
		};
		17A9FA3111BD427DB224CC42 /* PBXTargetDependency */ = {
			isa = PBXTargetDependency;
			target = 29FFAC89298C49ECA5EBFCA2 /* ALL_BUILD */;
			targetProxy = 4B8A90D7952549DABB2A2985 /* PBXContainerItemProxy */;
		};
		1FF47D3A6A9646BBBDEAC3C1 /* PBXTargetDependency */ = {
			isa = PBXTargetDependency;
			target = 8CB862E92F1C4688A6ABA0A0 /* Set */;
			targetProxy = E337510FBFCE4C988D7241A5 /* PBXContainerItemProxy */;
		};
		608FD70D9C0845D0BE2DDE71 /* PBXTargetDependency */ = {
			isa = PBXTargetDependency;
			target = E611903F9C08407E94454312 /* libSet_Unittest */;
			targetProxy = 9418A12DF54F46BDAAAE2630 /* PBXContainerItemProxy */;
		};
		C0E6BA2E68A24A17B33292C2 /* PBXTargetDependency */ = {
			isa = PBXTargetDependency;
			target = 8CB862E92F1C4688A6ABA0A0 /* Set */;
			targetProxy = 0DB97B7285A049CDB5BAB3F6 /* PBXContainerItemProxy */;
		};
		C2D441504A634F40A10C8F0A /* PBXTargetDependency */ = {
			isa = PBXTargetDependency;
			target = A14113FDDA3541208584DEFF /* ZERO_CHECK */;
			targetProxy = 50EA81CA54054578A3489F4D /* PBXContainerItemProxy */;
		};
		CEEA564608BE433682C59413 /* PBXTargetDependency */ = {
			isa = PBXTargetDependency;
			target = A14113FDDA3541208584DEFF /* ZERO_CHECK */;
			targetProxy = E119AB2C3E424DFFACF7B813 /* PBXContainerItemProxy */;
		};
/* End PBXTargetDependency section */

/* Begin XCBuildConfiguration section */
		0193D70B8AF2400C9E0ACD63 /* Debug */ = {
			isa = XCBuildConfiguration;
			buildSettings = {
				COMBINE_HIDPI_IMAGES = YES;
				DYLIB_COMPATIBILITY_VERSION = "";
				DYLIB_CURRENT_VERSION = 1.6.3;
				EXECUTABLE_PREFIX = lib;
				EXECUTABLE_SUFFIX = .dylib;
				GCC_GENERATE_DEBUGGING_SYMBOLS = NO;
				GCC_INLINES_ARE_PRIVATE_EXTERN = NO;
				GCC_OPTIMIZATION_LEVEL = 0;
				GCC_PREPROCESSOR_DEFINITIONS = ("'CMAKE_INTDIR=\"$(CONFIGURATION)$(EFFECTIVE_PLATFORM_NAME)\"'",Set_EXPORTS);
				GCC_SYMBOLS_PRIVATE_EXTERN = NO;
				HEADER_SEARCH_PATHS = (/Users/thahnen/GitHub/libSet/./include,"$(inherited)");
				INSTALL_PATH = "@rpath";
				LIBRARY_STYLE = DYNAMIC;
				OTHER_CFLAGS = "-fPIC -fvisibility=hidden '-std=gnu11' ";
				OTHER_LDFLAGS = (" -dynamiclib -Wl,-headerpad_max_install_names");
				OTHER_REZFLAGS = "";
				PRODUCT_NAME = Set.1.6.3;
				SECTORDER_FLAGS = "";
				SYMROOT = /Users/thahnen/GitHub/libSet;
				USE_HEADERMAP = NO;
				WARNING_CFLAGS = ("$(inherited)");
			};
			name = Debug;
		};
		05637E1F80474406901B2866 /* Release */ = {
			isa = XCBuildConfiguration;
			buildSettings = {
				COMBINE_HIDPI_IMAGES = YES;
				EXECUTABLE_PREFIX = "";
				EXECUTABLE_SUFFIX = "";
				GCC_GENERATE_DEBUGGING_SYMBOLS = NO;
				GCC_INLINES_ARE_PRIVATE_EXTERN = NO;
				GCC_OPTIMIZATION_LEVEL = 0;
				GCC_PREPROCESSOR_DEFINITIONS = ("'CMAKE_INTDIR=\"$(CONFIGURATION)$(EFFECTIVE_PLATFORM_NAME)\"'");
				GCC_SYMBOLS_PRIVATE_EXTERN = NO;
				HEADER_SEARCH_PATHS = (/Users/thahnen/GitHub/libSet/./include,/usr/local/Cellar/check/0.15.2/include,"$(inherited)");
				INSTALL_PATH = "";
				LD_RUNPATH_SEARCH_PATHS = (/Users/thahnen/GitHub/libSet/Release,"$(inherited)");
				OTHER_CFLAGS = "'-std=gnu11' ";
				OTHER_LDFLAGS = (" -Wl,-search_paths_first -Wl,-headerpad_max_install_names",/Users/thahnen/GitHub/libSet/Release/libSet.1.6.3.dylib,/usr/local/Cellar/check/0.15.2/lib/libcheck.dylib);
				OTHER_REZFLAGS = "";
				PRODUCT_NAME = libSet_Unittest;
				SECTORDER_FLAGS = "";
				SYMROOT = /Users/thahnen/GitHub/libSet;
				USE_HEADERMAP = NO;
				WARNING_CFLAGS = ("$(inherited)");
			};
			name = Release;
		};
		0D726049960F43B88CCB2CB1 /* Release */ = {
			isa = XCBuildConfiguration;
			buildSettings = {
				COMBINE_HIDPI_IMAGES = YES;
				GCC_GENERATE_DEBUGGING_SYMBOLS = YES;
				GCC_INLINES_ARE_PRIVATE_EXTERN = NO;
				GCC_OPTIMIZATION_LEVEL = 0;
				GCC_PREPROCESSOR_DEFINITIONS = ("'CMAKE_INTDIR=\"$(CONFIGURATION)$(EFFECTIVE_PLATFORM_NAME)\"'");
				GCC_SYMBOLS_PRIVATE_EXTERN = NO;
				INSTALL_PATH = "";
				OTHER_LDFLAGS = ("");
				OTHER_REZFLAGS = "";
				PRODUCT_NAME = ZERO_CHECK;
				SECTORDER_FLAGS = "";
				SYMROOT = /Users/thahnen/GitHub/libSet;
				USE_HEADERMAP = NO;
				WARNING_CFLAGS = ("$(inherited)");
			};
			name = Release;
		};
		179A213A6E554B6BB7E215BD /* MinSizeRel */ = {
			isa = XCBuildConfiguration;
			buildSettings = {
				ARCHS = "$(NATIVE_ARCH_ACTUAL)";
				MACOSX_DEPLOYMENT_TARGET = 10.15;
				ONLY_ACTIVE_ARCH = YES;
				SDKROOT = /Library/Developer/CommandLineTools/SDKs/MacOSX11.1.sdk;
				SYMROOT = /Users/thahnen/GitHub/libSet/build;
			};
			name = MinSizeRel;
		};
		1B511EB3DE2C41319AB10AE4 /* MinSizeRel */ = {
			isa = XCBuildConfiguration;
			buildSettings = {
				COMBINE_HIDPI_IMAGES = YES;
				EXECUTABLE_PREFIX = "";
				EXECUTABLE_SUFFIX = "";
				GCC_GENERATE_DEBUGGING_SYMBOLS = NO;
				GCC_INLINES_ARE_PRIVATE_EXTERN = NO;
				GCC_OPTIMIZATION_LEVEL = 0;
				GCC_PREPROCESSOR_DEFINITIONS = ("'CMAKE_INTDIR=\"$(CONFIGURATION)$(EFFECTIVE_PLATFORM_NAME)\"'");
				GCC_SYMBOLS_PRIVATE_EXTERN = NO;
				HEADER_SEARCH_PATHS = (/Users/thahnen/GitHub/libSet/./include,/usr/local/Cellar/check/0.15.2/include,"$(inherited)");
				INSTALL_PATH = "";
				LD_RUNPATH_SEARCH_PATHS = (/Users/thahnen/GitHub/libSet/MinSizeRel,"$(inherited)");
				OTHER_CFLAGS = "'-std=gnu11' ";
				OTHER_LDFLAGS = (" -Wl,-search_paths_first -Wl,-headerpad_max_install_names",/Users/thahnen/GitHub/libSet/MinSizeRel/libSet.1.6.3.dylib,/usr/local/Cellar/check/0.15.2/lib/libcheck.dylib);
				OTHER_REZFLAGS = "";
				PRODUCT_NAME = libSet_Unittest;
				SECTORDER_FLAGS = "";
				SYMROOT = /Users/thahnen/GitHub/libSet;
				USE_HEADERMAP = NO;
				WARNING_CFLAGS = ("$(inherited)");
			};
			name = MinSizeRel;
		};
		3212ADC6D3BD41A7B752AD4C /* MinSizeRel */ = {
			isa = XCBuildConfiguration;
			buildSettings = {
				COMBINE_HIDPI_IMAGES = YES;
				DYLIB_COMPATIBILITY_VERSION = "";
				DYLIB_CURRENT_VERSION = 1.6.3;
				EXECUTABLE_PREFIX = lib;
				EXECUTABLE_SUFFIX = .dylib;
				GCC_GENERATE_DEBUGGING_SYMBOLS = NO;
				GCC_INLINES_ARE_PRIVATE_EXTERN = NO;
				GCC_OPTIMIZATION_LEVEL = 0;
				GCC_PREPROCESSOR_DEFINITIONS = ("'CMAKE_INTDIR=\"$(CONFIGURATION)$(EFFECTIVE_PLATFORM_NAME)\"'",Set_EXPORTS);
				GCC_SYMBOLS_PRIVATE_EXTERN = NO;
				HEADER_SEARCH_PATHS = (/Users/thahnen/GitHub/libSet/./include,"$(inherited)");
				INSTALL_PATH = "@rpath";
				LIBRARY_STYLE = DYNAMIC;
				OTHER_CFLAGS = "-fPIC -fvisibility=hidden '-std=gnu11' ";
				OTHER_LDFLAGS = (" -dynamiclib -Wl,-headerpad_max_install_names");
				OTHER_REZFLAGS = "";
				PRODUCT_NAME = Set.1.6.3;
				SECTORDER_FLAGS = "";
				SYMROOT = /Users/thahnen/GitHub/libSet;
				USE_HEADERMAP = NO;
				WARNING_CFLAGS = ("$(inherited)");
			};
			name = MinSizeRel;
		};
		33A594DDA6A648E79275C27F /* MinSizeRel */ = {
			isa = XCBuildConfiguration;
			buildSettings = {
				COMBINE_HIDPI_IMAGES = YES;
				GCC_GENERATE_DEBUGGING_SYMBOLS = YES;
				GCC_INLINES_ARE_PRIVATE_EXTERN = NO;
				GCC_OPTIMIZATION_LEVEL = 0;
				GCC_PREPROCESSOR_DEFINITIONS = ("'CMAKE_INTDIR=\"$(CONFIGURATION)$(EFFECTIVE_PLATFORM_NAME)\"'");
				GCC_SYMBOLS_PRIVATE_EXTERN = NO;
				INSTALL_PATH = "";
				OTHER_LDFLAGS = ("");
				OTHER_REZFLAGS = "";
				PRODUCT_NAME = install;
				SECTORDER_FLAGS = "";
				SYMROOT = /Users/thahnen/GitHub/libSet;
				USE_HEADERMAP = NO;
				WARNING_CFLAGS = ("$(inherited)");
			};
			name = MinSizeRel;
		};
		470EAE79B7654344884D27EE /* RelWithDebInfo */ = {
			isa = XCBuildConfiguration;
			buildSettings = {
				ARCHS = "$(NATIVE_ARCH_ACTUAL)";
				MACOSX_DEPLOYMENT_TARGET = 10.15;
				ONLY_ACTIVE_ARCH = YES;
				SDKROOT = /Library/Developer/CommandLineTools/SDKs/MacOSX11.1.sdk;
				SYMROOT = /Users/thahnen/GitHub/libSet/build;
			};
			name = RelWithDebInfo;
		};
		4758D8175F824F1897D67ADA /* Debug */ = {
			isa = XCBuildConfiguration;
			buildSettings = {
				COMBINE_HIDPI_IMAGES = YES;
				EXECUTABLE_PREFIX = "";
				EXECUTABLE_SUFFIX = "";
				GCC_GENERATE_DEBUGGING_SYMBOLS = NO;
				GCC_INLINES_ARE_PRIVATE_EXTERN = NO;
				GCC_OPTIMIZATION_LEVEL = 0;
				GCC_PREPROCESSOR_DEFINITIONS = ("'CMAKE_INTDIR=\"$(CONFIGURATION)$(EFFECTIVE_PLATFORM_NAME)\"'");
				GCC_SYMBOLS_PRIVATE_EXTERN = NO;
				HEADER_SEARCH_PATHS = (/Users/thahnen/GitHub/libSet/./include,/usr/local/Cellar/check/0.15.2/include,"$(inherited)");
				INSTALL_PATH = "";
				LD_RUNPATH_SEARCH_PATHS = (/Users/thahnen/GitHub/libSet/Debug,"$(inherited)");
				OTHER_CFLAGS = "'-std=gnu11' ";
				OTHER_LDFLAGS = (" -Wl,-search_paths_first -Wl,-headerpad_max_install_names",/Users/thahnen/GitHub/libSet/Debug/libSet.1.6.3.dylib,/usr/local/Cellar/check/0.15.2/lib/libcheck.dylib);
				OTHER_REZFLAGS = "";
				PRODUCT_NAME = libSet_Unittest;
				SECTORDER_FLAGS = "";
				SYMROOT = /Users/thahnen/GitHub/libSet;
				USE_HEADERMAP = NO;
				WARNING_CFLAGS = ("$(inherited)");
			};
			name = Debug;
		};
		82E3F545844D44B9BE738FE5 /* Release */ = {
			isa = XCBuildConfiguration;
			buildSettings = {
				COMBINE_HIDPI_IMAGES = YES;
				GCC_GENERATE_DEBUGGING_SYMBOLS = YES;
				GCC_INLINES_ARE_PRIVATE_EXTERN = NO;
				GCC_OPTIMIZATION_LEVEL = 0;
				GCC_PREPROCESSOR_DEFINITIONS = ("'CMAKE_INTDIR=\"$(CONFIGURATION)$(EFFECTIVE_PLATFORM_NAME)\"'");
				GCC_SYMBOLS_PRIVATE_EXTERN = NO;
				INSTALL_PATH = "";
				OTHER_LDFLAGS = ("");
				OTHER_REZFLAGS = "";
				PRODUCT_NAME = install;
				SECTORDER_FLAGS = "";
				SYMROOT = /Users/thahnen/GitHub/libSet;
				USE_HEADERMAP = NO;
				WARNING_CFLAGS = ("$(inherited)");
			};
			name = Release;
		};
		88B1231F18BE4882A450007B /* Release */ = {
			isa = XCBuildConfiguration;
			buildSettings = {
				COMBINE_HIDPI_IMAGES = YES;
				GCC_GENERATE_DEBUGGING_SYMBOLS = YES;
				GCC_INLINES_ARE_PRIVATE_EXTERN = NO;
				GCC_OPTIMIZATION_LEVEL = 0;
				GCC_PREPROCESSOR_DEFINITIONS = ("'CMAKE_INTDIR=\"$(CONFIGURATION)$(EFFECTIVE_PLATFORM_NAME)\"'");
				GCC_SYMBOLS_PRIVATE_EXTERN = NO;
				INSTALL_PATH = "";
				OTHER_LDFLAGS = ("");
				OTHER_REZFLAGS = "";
				PRODUCT_NAME = ALL_BUILD;
				SECTORDER_FLAGS = "";
				SYMROOT = /Users/thahnen/GitHub/libSet;
				USE_HEADERMAP = NO;
				WARNING_CFLAGS = ("$(inherited)");
			};
			name = Release;
		};
		90D3E8237B834BCCB8044630 /* RelWithDebInfo */ = {
			isa = XCBuildConfiguration;
			buildSettings = {
				COMBINE_HIDPI_IMAGES = YES;
				EXECUTABLE_PREFIX = "";
				EXECUTABLE_SUFFIX = "";
				GCC_GENERATE_DEBUGGING_SYMBOLS = NO;
				GCC_INLINES_ARE_PRIVATE_EXTERN = NO;
				GCC_OPTIMIZATION_LEVEL = 0;
				GCC_PREPROCESSOR_DEFINITIONS = ("'CMAKE_INTDIR=\"$(CONFIGURATION)$(EFFECTIVE_PLATFORM_NAME)\"'");
				GCC_SYMBOLS_PRIVATE_EXTERN = NO;
				HEADER_SEARCH_PATHS = (/Users/thahnen/GitHub/libSet/./include,/usr/local/Cellar/check/0.15.2/include,"$(inherited)");
				INSTALL_PATH = "";
				LD_RUNPATH_SEARCH_PATHS = (/Users/thahnen/GitHub/libSet/RelWithDebInfo,"$(inherited)");
				OTHER_CFLAGS = "'-std=gnu11' ";
				OTHER_LDFLAGS = (" -Wl,-search_paths_first -Wl,-headerpad_max_install_names",/Users/thahnen/GitHub/libSet/RelWithDebInfo/libSet.1.6.3.dylib,/usr/local/Cellar/check/0.15.2/lib/libcheck.dylib);
				OTHER_REZFLAGS = "";
				PRODUCT_NAME = libSet_Unittest;
				SECTORDER_FLAGS = "";
				SYMROOT = /Users/thahnen/GitHub/libSet;
				USE_HEADERMAP = NO;
				WARNING_CFLAGS = ("$(inherited)");
			};
			name = RelWithDebInfo;
		};
		9A51A0F63F094C299E8DB51C /* RelWithDebInfo */ = {
			isa = XCBuildConfiguration;
			buildSettings = {
				COMBINE_HIDPI_IMAGES = YES;
				GCC_GENERATE_DEBUGGING_SYMBOLS = YES;
				GCC_INLINES_ARE_PRIVATE_EXTERN = NO;
				GCC_OPTIMIZATION_LEVEL = 0;
				GCC_PREPROCESSOR_DEFINITIONS = ("'CMAKE_INTDIR=\"$(CONFIGURATION)$(EFFECTIVE_PLATFORM_NAME)\"'");
				GCC_SYMBOLS_PRIVATE_EXTERN = NO;
				INSTALL_PATH = "";
				OTHER_LDFLAGS = ("");
				OTHER_REZFLAGS = "";
				PRODUCT_NAME = ZERO_CHECK;
				SECTORDER_FLAGS = "";
				SYMROOT = /Users/thahnen/GitHub/libSet;
				USE_HEADERMAP = NO;
				WARNING_CFLAGS = ("$(inherited)");
			};
			name = RelWithDebInfo;
		};
		9DC03BD56BD4449E8F076391 /* Release */ = {
			isa = XCBuildConfiguration;
			buildSettings = {
				ARCHS = "$(NATIVE_ARCH_ACTUAL)";
				MACOSX_DEPLOYMENT_TARGET = 10.15;
				ONLY_ACTIVE_ARCH = YES;
				SDKROOT = /Library/Developer/CommandLineTools/SDKs/MacOSX11.1.sdk;
				SYMROOT = /Users/thahnen/GitHub/libSet/build;
			};
			name = Release;
		};
		A8BEF0AEF7E940F490EA11E9 /* RelWithDebInfo */ = {
			isa = XCBuildConfiguration;
			buildSettings = {
				COMBINE_HIDPI_IMAGES = YES;
				GCC_GENERATE_DEBUGGING_SYMBOLS = YES;
				GCC_INLINES_ARE_PRIVATE_EXTERN = NO;
				GCC_OPTIMIZATION_LEVEL = 0;
				GCC_PREPROCESSOR_DEFINITIONS = ("'CMAKE_INTDIR=\"$(CONFIGURATION)$(EFFECTIVE_PLATFORM_NAME)\"'");
				GCC_SYMBOLS_PRIVATE_EXTERN = NO;
				INSTALL_PATH = "";
				OTHER_LDFLAGS = ("");
				OTHER_REZFLAGS = "";
				PRODUCT_NAME = ALL_BUILD;
				SECTORDER_FLAGS = "";
				SYMROOT = /Users/thahnen/GitHub/libSet;
				USE_HEADERMAP = NO;
				WARNING_CFLAGS = ("$(inherited)");
			};
			name = RelWithDebInfo;
		};
		B3047342325742C2BAF4F4F7 /* Debug */ = {
			isa = XCBuildConfiguration;
			buildSettings = {
				COMBINE_HIDPI_IMAGES = YES;
				GCC_GENERATE_DEBUGGING_SYMBOLS = YES;
				GCC_INLINES_ARE_PRIVATE_EXTERN = NO;
				GCC_OPTIMIZATION_LEVEL = 0;
				GCC_PREPROCESSOR_DEFINITIONS = ("'CMAKE_INTDIR=\"$(CONFIGURATION)$(EFFECTIVE_PLATFORM_NAME)\"'");
				GCC_SYMBOLS_PRIVATE_EXTERN = NO;
				INSTALL_PATH = "";
				OTHER_LDFLAGS = ("");
				OTHER_REZFLAGS = "";
				PRODUCT_NAME = ALL_BUILD;
				SECTORDER_FLAGS = "";
				SYMROOT = /Users/thahnen/GitHub/libSet;
				USE_HEADERMAP = NO;
				WARNING_CFLAGS = ("$(inherited)");
			};
			name = Debug;
		};
		B85078DE19584145B1E533E4 /* MinSizeRel */ = {
			isa = XCBuildConfiguration;
			buildSettings = {
				COMBINE_HIDPI_IMAGES = YES;
				GCC_GENERATE_DEBUGGING_SYMBOLS = YES;
				GCC_INLINES_ARE_PRIVATE_EXTERN = NO;
				GCC_OPTIMIZATION_LEVEL = 0;
				GCC_PREPROCESSOR_DEFINITIONS = ("'CMAKE_INTDIR=\"$(CONFIGURATION)$(EFFECTIVE_PLATFORM_NAME)\"'");
				GCC_SYMBOLS_PRIVATE_EXTERN = NO;
				INSTALL_PATH = "";
				OTHER_LDFLAGS = ("");
				OTHER_REZFLAGS = "";
				PRODUCT_NAME = ZERO_CHECK;
				SECTORDER_FLAGS = "";
				SYMROOT = /Users/thahnen/GitHub/libSet;
				USE_HEADERMAP = NO;
				WARNING_CFLAGS = ("$(inherited)");
			};
			name = MinSizeRel;
		};
		B9F5CBEF276E41C98FE2AB91 /* Debug */ = {
			isa = XCBuildConfiguration;
			buildSettings = {
				ARCHS = "$(NATIVE_ARCH_ACTUAL)";
				MACOSX_DEPLOYMENT_TARGET = 10.15;
				ONLY_ACTIVE_ARCH = YES;
				SDKROOT = /Library/Developer/CommandLineTools/SDKs/MacOSX11.1.sdk;
				SYMROOT = /Users/thahnen/GitHub/libSet/build;
			};
			name = Debug;
		};
		BC380B031B5E4C69AB1EA62F /* RelWithDebInfo */ = {
			isa = XCBuildConfiguration;
			buildSettings = {
				COMBINE_HIDPI_IMAGES = YES;
				DYLIB_COMPATIBILITY_VERSION = "";
				DYLIB_CURRENT_VERSION = 1.6.3;
				EXECUTABLE_PREFIX = lib;
				EXECUTABLE_SUFFIX = .dylib;
				GCC_GENERATE_DEBUGGING_SYMBOLS = NO;
				GCC_INLINES_ARE_PRIVATE_EXTERN = NO;
				GCC_OPTIMIZATION_LEVEL = 0;
				GCC_PREPROCESSOR_DEFINITIONS = ("'CMAKE_INTDIR=\"$(CONFIGURATION)$(EFFECTIVE_PLATFORM_NAME)\"'",Set_EXPORTS);
				GCC_SYMBOLS_PRIVATE_EXTERN = NO;
				HEADER_SEARCH_PATHS = (/Users/thahnen/GitHub/libSet/./include,"$(inherited)");
				INSTALL_PATH = "@rpath";
				LIBRARY_STYLE = DYNAMIC;
				OTHER_CFLAGS = "-fPIC -fvisibility=hidden '-std=gnu11' ";
				OTHER_LDFLAGS = (" -dynamiclib -Wl,-headerpad_max_install_names");
				OTHER_REZFLAGS = "";
				PRODUCT_NAME = Set.1.6.3;
				SECTORDER_FLAGS = "";
				SYMROOT = /Users/thahnen/GitHub/libSet;
				USE_HEADERMAP = NO;
				WARNING_CFLAGS = ("$(inherited)");
			};
			name = RelWithDebInfo;
		};
		CAFB09BBB72B49B1B0A65665 /* Debug */ = {
			isa = XCBuildConfiguration;
			buildSettings = {
				COMBINE_HIDPI_IMAGES = YES;
				GCC_GENERATE_DEBUGGING_SYMBOLS = YES;
				GCC_INLINES_ARE_PRIVATE_EXTERN = NO;
				GCC_OPTIMIZATION_LEVEL = 0;
				GCC_PREPROCESSOR_DEFINITIONS = ("'CMAKE_INTDIR=\"$(CONFIGURATION)$(EFFECTIVE_PLATFORM_NAME)\"'");
				GCC_SYMBOLS_PRIVATE_EXTERN = NO;
				INSTALL_PATH = "";
				OTHER_LDFLAGS = ("");
				OTHER_REZFLAGS = "";
				PRODUCT_NAME = install;
				SECTORDER_FLAGS = "";
				SYMROOT = /Users/thahnen/GitHub/libSet;
				USE_HEADERMAP = NO;
				WARNING_CFLAGS = ("$(inherited)");
			};
			name = Debug;
		};
		D0C27484E2CD4A6DBF98A5E5 /* RelWithDebInfo */ = {
			isa = XCBuildConfiguration;
			buildSettings = {
				COMBINE_HIDPI_IMAGES = YES;
				GCC_GENERATE_DEBUGGING_SYMBOLS = YES;
				GCC_INLINES_ARE_PRIVATE_EXTERN = NO;
				GCC_OPTIMIZATION_LEVEL = 0;
				GCC_PREPROCESSOR_DEFINITIONS = ("'CMAKE_INTDIR=\"$(CONFIGURATION)$(EFFECTIVE_PLATFORM_NAME)\"'");
				GCC_SYMBOLS_PRIVATE_EXTERN = NO;
				INSTALL_PATH = "";
				OTHER_LDFLAGS = ("");
				OTHER_REZFLAGS = "";
				PRODUCT_NAME = install;
				SECTORDER_FLAGS = "";
				SYMROOT = /Users/thahnen/GitHub/libSet;
				USE_HEADERMAP = NO;
				WARNING_CFLAGS = ("$(inherited)");
			};
			name = RelWithDebInfo;
		};
		D2F0A95E033B45879E423D1E /* MinSizeRel */ = {
			isa = XCBuildConfiguration;
			buildSettings = {
				COMBINE_HIDPI_IMAGES = YES;
				GCC_GENERATE_DEBUGGING_SYMBOLS = YES;
				GCC_INLINES_ARE_PRIVATE_EXTERN = NO;
				GCC_OPTIMIZATION_LEVEL = 0;
				GCC_PREPROCESSOR_DEFINITIONS = ("'CMAKE_INTDIR=\"$(CONFIGURATION)$(EFFECTIVE_PLATFORM_NAME)\"'");
				GCC_SYMBOLS_PRIVATE_EXTERN = NO;
				INSTALL_PATH = "";
				OTHER_LDFLAGS = ("");
				OTHER_REZFLAGS = "";
				PRODUCT_NAME = ALL_BUILD;
				SECTORDER_FLAGS = "";
				SYMROOT = /Users/thahnen/GitHub/libSet;
				USE_HEADERMAP = NO;
				WARNING_CFLAGS = ("$(inherited)");
			};
			name = MinSizeRel;
		};
		F0FDB2062EE44769A4F171C6 /* Debug */ = {
			isa = XCBuildConfiguration;
			buildSettings = {
				COMBINE_HIDPI_IMAGES = YES;
				GCC_GENERATE_DEBUGGING_SYMBOLS = YES;
				GCC_INLINES_ARE_PRIVATE_EXTERN = NO;
				GCC_OPTIMIZATION_LEVEL = 0;
				GCC_PREPROCESSOR_DEFINITIONS = ("'CMAKE_INTDIR=\"$(CONFIGURATION)$(EFFECTIVE_PLATFORM_NAME)\"'");
				GCC_SYMBOLS_PRIVATE_EXTERN = NO;
				INSTALL_PATH = "";
				OTHER_LDFLAGS = ("");
				OTHER_REZFLAGS = "";
				PRODUCT_NAME = ZERO_CHECK;
				SECTORDER_FLAGS = "";
				SYMROOT = /Users/thahnen/GitHub/libSet;
				USE_HEADERMAP = NO;
				WARNING_CFLAGS = ("$(inherited)");
			};
			name = Debug;
		};
		F363A6448C7C47349287BF06 /* Release */ = {
			isa = XCBuildConfiguration;
			buildSettings = {
				COMBINE_HIDPI_IMAGES = YES;
				DYLIB_COMPATIBILITY_VERSION = "";
				DYLIB_CURRENT_VERSION = 1.6.3;
				EXECUTABLE_PREFIX = lib;
				EXECUTABLE_SUFFIX = .dylib;
				GCC_GENERATE_DEBUGGING_SYMBOLS = NO;
				GCC_INLINES_ARE_PRIVATE_EXTERN = NO;
				GCC_OPTIMIZATION_LEVEL = 0;
				GCC_PREPROCESSOR_DEFINITIONS = ("'CMAKE_INTDIR=\"$(CONFIGURATION)$(EFFECTIVE_PLATFORM_NAME)\"'",Set_EXPORTS);
				GCC_SYMBOLS_PRIVATE_EXTERN = NO;
				HEADER_SEARCH_PATHS = (/Users/thahnen/GitHub/libSet/./include,"$(inherited)");
				INSTALL_PATH = "@rpath";
				LIBRARY_STYLE = DYNAMIC;
				OTHER_CFLAGS = "-fPIC -fvisibility=hidden '-std=gnu11' ";
				OTHER_LDFLAGS = (" -dynamiclib -Wl,-headerpad_max_install_names");
				OTHER_REZFLAGS = "";
				PRODUCT_NAME = Set.1.6.3;
				SECTORDER_FLAGS = "";
				SYMROOT = /Users/thahnen/GitHub/libSet;
				USE_HEADERMAP = NO;
				WARNING_CFLAGS = ("$(inherited)");
			};
			name = Release;
		};
/* End XCBuildConfiguration section */

/* Begin XCConfigurationList section */
		44139D1BF52046D385A9103A /* Build configuration list for PBXNativeTarget "Set" */ = {
			isa = XCConfigurationList;
			buildConfigurations = (
				0193D70B8AF2400C9E0ACD63 /* Debug */,
				F363A6448C7C47349287BF06 /* Release */,
				3212ADC6D3BD41A7B752AD4C /* MinSizeRel */,
				BC380B031B5E4C69AB1EA62F /* RelWithDebInfo */,
			);
			defaultConfigurationIsVisible = 0;
			defaultConfigurationName = Debug;
		};
		4CFE7A11B5C547098E5D9B50 /* Build configuration list for PBXAggregateTarget "ALL_BUILD" */ = {
			isa = XCConfigurationList;
			buildConfigurations = (
				B3047342325742C2BAF4F4F7 /* Debug */,
				88B1231F18BE4882A450007B /* Release */,
				D2F0A95E033B45879E423D1E /* MinSizeRel */,
				A8BEF0AEF7E940F490EA11E9 /* RelWithDebInfo */,
			);
			defaultConfigurationIsVisible = 0;
			defaultConfigurationName = Debug;
		};
		5010278380354933A04E32F6 /* Build configuration list for PBXAggregateTarget "ZERO_CHECK" */ = {
			isa = XCConfigurationList;
			buildConfigurations = (
				F0FDB2062EE44769A4F171C6 /* Debug */,
				0D726049960F43B88CCB2CB1 /* Release */,
				B85078DE19584145B1E533E4 /* MinSizeRel */,
				9A51A0F63F094C299E8DB51C /* RelWithDebInfo */,
			);
			defaultConfigurationIsVisible = 0;
			defaultConfigurationName = Debug;
		};
		5B5A6B570F4E4D128B1DE760 /* Build configuration list for PBXNativeTarget "libSet_Unittest" */ = {
			isa = XCConfigurationList;
			buildConfigurations = (
				4758D8175F824F1897D67ADA /* Debug */,
				05637E1F80474406901B2866 /* Release */,
				1B511EB3DE2C41319AB10AE4 /* MinSizeRel */,
				90D3E8237B834BCCB8044630 /* RelWithDebInfo */,
			);
			defaultConfigurationIsVisible = 0;
			defaultConfigurationName = Debug;
		};
		877C425715DE47B380FC2B26 /* Build configuration list for PBXProject "Set" */ = {
			isa = XCConfigurationList;
			buildConfigurations = (
				B9F5CBEF276E41C98FE2AB91 /* Debug */,
				9DC03BD56BD4449E8F076391 /* Release */,
				179A213A6E554B6BB7E215BD /* MinSizeRel */,
				470EAE79B7654344884D27EE /* RelWithDebInfo */,
			);
			defaultConfigurationIsVisible = 0;
			defaultConfigurationName = Debug;
		};
		8C8053431F554A8088466E32 /* Build configuration list for PBXAggregateTarget "install" */ = {
			isa = XCConfigurationList;
			buildConfigurations = (
				CAFB09BBB72B49B1B0A65665 /* Debug */,
				82E3F545844D44B9BE738FE5 /* Release */,
				33A594DDA6A648E79275C27F /* MinSizeRel */,
				D0C27484E2CD4A6DBF98A5E5 /* RelWithDebInfo */,
			);
			defaultConfigurationIsVisible = 0;
			defaultConfigurationName = Debug;
		};
/* End XCConfigurationList section */
	};
	rootObject = 313FFB47C1F34A89A2175FFA /* Project object */;
}
